// !$*UTF8*$!
{
	archiveVersion = 1;
	classes = {
	};
	objectVersion = 46;
	objects = {

/* Begin PBXAggregateTarget section */
		4288CC4E69F0494A931D1C86 /* install */ = {
			isa = PBXAggregateTarget;
			buildConfigurationList = EA686565CB1141A1A9DD36D6 /* Build configuration list for PBXAggregateTarget "install" */;
			buildPhases = (
				93426DA6A4AC2C2AC9CE883C /* CMake PostBuild Rules */,
			);
			dependencies = (
				0C425400154C4991AB0C64C8 /* PBXTargetDependency */,
			);
			name = install;
			productName = install;
		};
		5BE1992047914C00886C2E3B /* ALL_BUILD */ = {
			isa = PBXAggregateTarget;
			buildConfigurationList = 0CAB5B0DC876436DAFCA316B /* Build configuration list for PBXAggregateTarget "ALL_BUILD" */;
			buildPhases = (
				27FC7848FE0DE9903384CCE7 /* Generate CMakeFiles/ALL_BUILD */,
			);
			dependencies = (
				1AED1D70124E435FA5CDAC7B /* PBXTargetDependency */,
			);
			name = ALL_BUILD;
			productName = ALL_BUILD;
		};
		885011781D0A425AAA0DCEFB /* ZERO_CHECK */ = {
			isa = PBXAggregateTarget;
			buildConfigurationList = 4739F29123134823847D5D83 /* Build configuration list for PBXAggregateTarget "ZERO_CHECK" */;
			buildPhases = (
				6AFA33429A15A2ECD48FF33C /* Generate CMakeFiles/ZERO_CHECK */,
			);
			dependencies = (
			);
			name = ZERO_CHECK;
			productName = ZERO_CHECK;
		};
/* End PBXAggregateTarget section */

/* Begin PBXBuildStyle section */
		07E1FDFE121A4956B3A56B2E /* MinSizeRel */ = {
			isa = PBXBuildStyle;
			buildSettings = {
				COPY_PHASE_STRIP = NO;
			};
			name = MinSizeRel;
		};
		47F967DD31904444A34A0746 /* Release */ = {
			isa = PBXBuildStyle;
			buildSettings = {
				COPY_PHASE_STRIP = NO;
			};
			name = Release;
		};
		AC291688E9DE4BBEBA3F0689 /* RelWithDebInfo */ = {
			isa = PBXBuildStyle;
			buildSettings = {
				COPY_PHASE_STRIP = NO;
			};
			name = RelWithDebInfo;
		};
		BC7CCF497BD844F088D1E854 /* Debug */ = {
			isa = PBXBuildStyle;
			buildSettings = {
				COPY_PHASE_STRIP = NO;
			};
			name = Debug;
		};
/* End PBXBuildStyle section */

/* Begin PBXContainerItemProxy section */
		14C7DC3D378046B9BEDEBA2E /* PBXContainerItemProxy */ = {
			isa = PBXContainerItemProxy;
			containerPortal = 287E71CDD0CA46B4B3CCD17B /* Project object */;
			proxyType = 1;
			remoteGlobalIDString = 885011781D0A425AAA0DCEFB;
			remoteInfo = ZERO_CHECK;
		};
		4447FA82EBFC4BB28FAFADAC /* PBXContainerItemProxy */ = {
			isa = PBXContainerItemProxy;
			containerPortal = 287E71CDD0CA46B4B3CCD17B /* Project object */;
			proxyType = 1;
			remoteGlobalIDString = 5BE1992047914C00886C2E3B;
			remoteInfo = ALL_BUILD;
		};
/* End PBXContainerItemProxy section */

/* Begin PBXFileReference section */
		66DB4A2DF28B44EC99A9792A /* /Users/chenlai/tmp_executorch/executorch/FXdiv-source/CMakeLists.txt */ = {isa = PBXFileReference; explicitFileType = sourcecode.text; fileEncoding = 4; name = CMakeLists.txt; path = CMakeLists.txt; sourceTree = SOURCE_ROOT; };
/* End PBXFileReference section */

/* Begin PBXGroup section */
		010D4E9B92114B32BCC52B88 = {
			isa = PBXGroup;
			children = (
				680D16B1FBB24F518B8D7F24 /* ALL_BUILD */,
				62D85C2CCB1F4DE5A027AFA1 /* Products */,
				E25549296C6A4BF094878E2F /* Frameworks */,
			);
			sourceTree = "<group>";
		};
		01CF5431D3124176AD47E7C5 /* CMake Rules */ = {
			isa = PBXGroup;
			children = (
			);
			name = "CMake Rules";
			sourceTree = "<group>";
		};
		62D85C2CCB1F4DE5A027AFA1 /* Products */ = {
			isa = PBXGroup;
			children = (
			);
			name = Products;
			sourceTree = "<group>";
		};
		680D16B1FBB24F518B8D7F24 /* ALL_BUILD */ = {
			isa = PBXGroup;
			children = (
				01CF5431D3124176AD47E7C5 /* CMake Rules */,
				66DB4A2DF28B44EC99A9792A /* /Users/chenlai/tmp_executorch/executorch/FXdiv-source/CMakeLists.txt */,
			);
			name = ALL_BUILD;
			sourceTree = "<group>";
		};
		E25549296C6A4BF094878E2F /* Frameworks */ = {
			isa = PBXGroup;
			children = (
			);
			name = Frameworks;
			sourceTree = "<group>";
		};
/* End PBXGroup section */

/* Begin PBXProject section */
		287E71CDD0CA46B4B3CCD17B /* Project object */ = {
			isa = PBXProject;
			attributes = {
				BuildIndependentTargetsInParallel = YES;
				LastUpgradeCheck = 1320;
			};
			buildConfigurationList = F0453F78C56B4B95815F5C7F /* Build configuration list for PBXProject "FXdiv" */;
			buildSettings = {
			};
			buildStyles = (
				BC7CCF497BD844F088D1E854 /* Debug */,
				47F967DD31904444A34A0746 /* Release */,
				07E1FDFE121A4956B3A56B2E /* MinSizeRel */,
				AC291688E9DE4BBEBA3F0689 /* RelWithDebInfo */,
			);
			compatibilityVersion = "Xcode 3.2";
			hasScannedForEncodings = 0;
			mainGroup = 010D4E9B92114B32BCC52B88;
			projectDirPath = "../FXdiv-source";
			projectRoot = "";
			targets = (
				5BE1992047914C00886C2E3B /* ALL_BUILD */,
				885011781D0A425AAA0DCEFB /* ZERO_CHECK */,
				4288CC4E69F0494A931D1C86 /* install */,
			);
		};
/* End PBXProject section */

/* Begin PBXShellScriptBuildPhase section */
		27FC7848FE0DE9903384CCE7 /* Generate CMakeFiles/ALL_BUILD */ = {
			isa = PBXShellScriptBuildPhase;
			alwaysOutOfDate = 1;
			buildActionMask = 2147483647;
			files = (
			);
			inputPaths = (
			);
			name = "Generate CMakeFiles/ALL_BUILD";
			outputPaths = (
/Users/chenlai/tmp_executorch/executorch/FXdiv/CMakeFiles/ALL_BUILD			);
			runOnlyForDeploymentPostprocessing = 0;
			shellPath = /bin/sh;
			shellScript = "set -e
if test \"$CONFIGURATION\" = \"Debug\"; then :
  cd /Users/chenlai/tmp_executorch/executorch/FXdiv
  echo Build\\ all\\ projects
fi
if test \"$CONFIGURATION\" = \"Release\"; then :
  cd /Users/chenlai/tmp_executorch/executorch/FXdiv
  echo Build\\ all\\ projects
fi
if test \"$CONFIGURATION\" = \"MinSizeRel\"; then :
  cd /Users/chenlai/tmp_executorch/executorch/FXdiv
  echo Build\\ all\\ projects
fi
if test \"$CONFIGURATION\" = \"RelWithDebInfo\"; then :
  cd /Users/chenlai/tmp_executorch/executorch/FXdiv
  echo Build\\ all\\ projects
fi
";
			showEnvVarsInLog = 0;
		};
		3C0110FC8322DE7E50886E21 = {
			isa = PBXShellScriptBuildPhase;
			buildActionMask = 2147483647;
			files = (
			);
			inputPaths = (
			);
			outputPaths = (
			);
			runOnlyForDeploymentPostprocessing = 0;
			shellPath = /bin/sh;
			shellScript = "# shell script goes here
exit 0";
			showEnvVarsInLog = 0;
		};
		6AFA33429A15A2ECD48FF33C /* Generate CMakeFiles/ZERO_CHECK */ = {
			isa = PBXShellScriptBuildPhase;
			alwaysOutOfDate = 1;
			buildActionMask = 2147483647;
			files = (
			);
			inputPaths = (
			);
			name = "Generate CMakeFiles/ZERO_CHECK";
			outputPaths = (
/Users/chenlai/tmp_executorch/executorch/FXdiv/CMakeFiles/ZERO_CHECK			);
			runOnlyForDeploymentPostprocessing = 0;
			shellPath = /bin/sh;
			shellScript = "set -e
if test \"$CONFIGURATION\" = \"Debug\"; then :
  cd /Users/chenlai/tmp_executorch/executorch/FXdiv
  make -f /Users/chenlai/tmp_executorch/executorch/FXdiv/CMakeScripts/ReRunCMake.make
fi
if test \"$CONFIGURATION\" = \"Release\"; then :
  cd /Users/chenlai/tmp_executorch/executorch/FXdiv
  make -f /Users/chenlai/tmp_executorch/executorch/FXdiv/CMakeScripts/ReRunCMake.make
fi
if test \"$CONFIGURATION\" = \"MinSizeRel\"; then :
  cd /Users/chenlai/tmp_executorch/executorch/FXdiv
  make -f /Users/chenlai/tmp_executorch/executorch/FXdiv/CMakeScripts/ReRunCMake.make
fi
if test \"$CONFIGURATION\" = \"RelWithDebInfo\"; then :
  cd /Users/chenlai/tmp_executorch/executorch/FXdiv
  make -f /Users/chenlai/tmp_executorch/executorch/FXdiv/CMakeScripts/ReRunCMake.make
fi
";
			showEnvVarsInLog = 0;
		};
		87AF4882E018677E2624B544 = {
			isa = PBXShellScriptBuildPhase;
			buildActionMask = 2147483647;
			files = (
			);
			inputPaths = (
			);
			outputPaths = (
			);
			runOnlyForDeploymentPostprocessing = 0;
			shellPath = /bin/sh;
			shellScript = "# shell script goes here
exit 0";
			showEnvVarsInLog = 0;
		};
		93426DA6A4AC2C2AC9CE883C /* CMake PostBuild Rules */ = {
			isa = PBXShellScriptBuildPhase;
			alwaysOutOfDate = 1;
			buildActionMask = 2147483647;
			files = (
			);
			name = "CMake PostBuild Rules";
			outputPaths = (
			);
			runOnlyForDeploymentPostprocessing = 0;
			shellPath = /bin/sh;
			shellScript = "set -e
if test \"$CONFIGURATION\" = \"Debug\"; then :
  cd /Users/chenlai/tmp_executorch/executorch/FXdiv
  /Users/chenlai/miniconda/bin/cmake -DBUILD_TYPE=$CONFIGURATION -DEFFECTIVE_PLATFORM_NAME=$EFFECTIVE_PLATFORM_NAME -P cmake_install.cmake
fi
if test \"$CONFIGURATION\" = \"Release\"; then :
  cd /Users/chenlai/tmp_executorch/executorch/FXdiv
  /Users/chenlai/miniconda/bin/cmake -DBUILD_TYPE=$CONFIGURATION -DEFFECTIVE_PLATFORM_NAME=$EFFECTIVE_PLATFORM_NAME -P cmake_install.cmake
fi
if test \"$CONFIGURATION\" = \"MinSizeRel\"; then :
  cd /Users/chenlai/tmp_executorch/executorch/FXdiv
  /Users/chenlai/miniconda/bin/cmake -DBUILD_TYPE=$CONFIGURATION -DEFFECTIVE_PLATFORM_NAME=$EFFECTIVE_PLATFORM_NAME -P cmake_install.cmake
fi
if test \"$CONFIGURATION\" = \"RelWithDebInfo\"; then :
  cd /Users/chenlai/tmp_executorch/executorch/FXdiv
  /Users/chenlai/miniconda/bin/cmake -DBUILD_TYPE=$CONFIGURATION -DEFFECTIVE_PLATFORM_NAME=$EFFECTIVE_PLATFORM_NAME -P cmake_install.cmake
fi
";
			showEnvVarsInLog = 0;
		};
		9B50530E35CC49C82C2FACCF = {
			isa = PBXShellScriptBuildPhase;
			buildActionMask = 2147483647;
			files = (
			);
			inputPaths = (
			);
			outputPaths = (
			);
			runOnlyForDeploymentPostprocessing = 0;
			shellPath = /bin/sh;
			shellScript = "# shell script goes here
exit 0";
			showEnvVarsInLog = 0;
		};
/* End PBXShellScriptBuildPhase section */

/* Begin PBXTargetDependency section */
		0C425400154C4991AB0C64C8 /* PBXTargetDependency */ = {
			isa = PBXTargetDependency;
			target = 5BE1992047914C00886C2E3B /* ALL_BUILD */;
			targetProxy = 4447FA82EBFC4BB28FAFADAC /* PBXContainerItemProxy */;
		};
		1AED1D70124E435FA5CDAC7B /* PBXTargetDependency */ = {
			isa = PBXTargetDependency;
			target = 885011781D0A425AAA0DCEFB /* ZERO_CHECK */;
			targetProxy = 14C7DC3D378046B9BEDEBA2E /* PBXContainerItemProxy */;
		};
/* End PBXTargetDependency section */

/* Begin XCBuildConfiguration section */
		2860D525A17E4DF38680F392 /* MinSizeRel */ = {
			isa = XCBuildConfiguration;
			buildSettings = {
				COMBINE_HIDPI_IMAGES = YES;
				GCC_GENERATE_DEBUGGING_SYMBOLS = YES;
				GCC_INLINES_ARE_PRIVATE_EXTERN = NO;
				GCC_OPTIMIZATION_LEVEL = 0;
				GCC_PREPROCESSOR_DEFINITIONS = ("'CMAKE_INTDIR=\"$(CONFIGURATION)$(EFFECTIVE_PLATFORM_NAME)\"'");
				GCC_SYMBOLS_PRIVATE_EXTERN = NO;
				INSTALL_PATH = "";
				OTHER_LDFLAGS = ("");
				OTHER_REZFLAGS = "";
				PRODUCT_NAME = ZERO_CHECK;
				SECTORDER_FLAGS = "";
				SYMROOT = /Users/chenlai/tmp_executorch/executorch/FXdiv;
				USE_HEADERMAP = NO;
				WARNING_CFLAGS = ("$(inherited)");
			};
			name = MinSizeRel;
		};
		34D8BF708ABF4ACC8BA118E7 /* MinSizeRel */ = {
			isa = XCBuildConfiguration;
			buildSettings = {
				ARCHS = x86_64;
				"ARCHS[sdk=iphonesimulator*]" = x86_64;
				CLANG_CXX_LIBRARY = "libc++";
				CLANG_ENABLE_OBJC_ARC = YES;
				CODE_SIGNING_REQUIRED = NO;
				ENABLE_BITCODE = NO;
				GCC_SYMBOLS_PRIVATE_EXTERN = YES;
				IPHONEOS_DEPLOYMENT_TARGET = 11.0;
				SDKROOT = /Applications/Xcode_13.2.1_fb.app/Contents/Developer/Platforms/iPhoneSimulator.platform/Developer/SDKs/iPhoneSimulator15.2.sdk;
				SYMROOT = /Users/chenlai/tmp_executorch/executorch/FXdiv/build;
				"VALID_ARCHS[sdk=iphonesimulator*]" = x86_64;
			};
			name = MinSizeRel;
		};
		48A5671FC4DE46BEBD7368C7 /* Debug */ = {
			isa = XCBuildConfiguration;
			buildSettings = {
				COMBINE_HIDPI_IMAGES = YES;
				GCC_GENERATE_DEBUGGING_SYMBOLS = YES;
				GCC_INLINES_ARE_PRIVATE_EXTERN = NO;
				GCC_OPTIMIZATION_LEVEL = 0;
				GCC_PREPROCESSOR_DEFINITIONS = ("'CMAKE_INTDIR=\"$(CONFIGURATION)$(EFFECTIVE_PLATFORM_NAME)\"'");
				GCC_SYMBOLS_PRIVATE_EXTERN = NO;
				INSTALL_PATH = "";
				OTHER_LDFLAGS = ("");
				OTHER_REZFLAGS = "";
				PRODUCT_NAME = ALL_BUILD;
				SECTORDER_FLAGS = "";
				SYMROOT = /Users/chenlai/tmp_executorch/executorch/FXdiv;
				USE_HEADERMAP = NO;
				WARNING_CFLAGS = ("$(inherited)");
			};
			name = Debug;
		};
		55BC3DF47EC345EDA0A48F5A /* Release */ = {
			isa = XCBuildConfiguration;
			buildSettings = {
				ARCHS = x86_64;
				"ARCHS[sdk=iphonesimulator*]" = x86_64;
				CLANG_CXX_LIBRARY = "libc++";
				CLANG_ENABLE_OBJC_ARC = YES;
				CODE_SIGNING_REQUIRED = NO;
				ENABLE_BITCODE = NO;
				GCC_SYMBOLS_PRIVATE_EXTERN = YES;
				IPHONEOS_DEPLOYMENT_TARGET = 11.0;
				SDKROOT = /Applications/Xcode_13.2.1_fb.app/Contents/Developer/Platforms/iPhoneSimulator.platform/Developer/SDKs/iPhoneSimulator15.2.sdk;
				SYMROOT = /Users/chenlai/tmp_executorch/executorch/FXdiv/build;
				"VALID_ARCHS[sdk=iphonesimulator*]" = x86_64;
			};
			name = Release;
		};
		56F91446D9E34706A7819DBD /* Release */ = {
			isa = XCBuildConfiguration;
			buildSettings = {
				COMBINE_HIDPI_IMAGES = YES;
				GCC_GENERATE_DEBUGGING_SYMBOLS = YES;
				GCC_INLINES_ARE_PRIVATE_EXTERN = NO;
				GCC_OPTIMIZATION_LEVEL = 0;
				GCC_PREPROCESSOR_DEFINITIONS = ("'CMAKE_INTDIR=\"$(CONFIGURATION)$(EFFECTIVE_PLATFORM_NAME)\"'");
				GCC_SYMBOLS_PRIVATE_EXTERN = NO;
				INSTALL_PATH = "";
				OTHER_LDFLAGS = ("");
				OTHER_REZFLAGS = "";
				PRODUCT_NAME = install;
				SECTORDER_FLAGS = "";
				SYMROOT = /Users/chenlai/tmp_executorch/executorch/FXdiv;
				USE_HEADERMAP = NO;
				WARNING_CFLAGS = ("$(inherited)");
			};
			name = Release;
		};
		710D547ADF2D49008F77059F /* RelWithDebInfo */ = {
			isa = XCBuildConfiguration;
			buildSettings = {
				COMBINE_HIDPI_IMAGES = YES;
				GCC_GENERATE_DEBUGGING_SYMBOLS = YES;
				GCC_INLINES_ARE_PRIVATE_EXTERN = NO;
				GCC_OPTIMIZATION_LEVEL = 0;
				GCC_PREPROCESSOR_DEFINITIONS = ("'CMAKE_INTDIR=\"$(CONFIGURATION)$(EFFECTIVE_PLATFORM_NAME)\"'");
				GCC_SYMBOLS_PRIVATE_EXTERN = NO;
				INSTALL_PATH = "";
				OTHER_LDFLAGS = ("");
				OTHER_REZFLAGS = "";
				PRODUCT_NAME = ZERO_CHECK;
				SECTORDER_FLAGS = "";
				SYMROOT = /Users/chenlai/tmp_executorch/executorch/FXdiv;
				USE_HEADERMAP = NO;
				WARNING_CFLAGS = ("$(inherited)");
			};
			name = RelWithDebInfo;
		};
		737BC8699C6C4D2DAC9B66D4 /* RelWithDebInfo */ = {
			isa = XCBuildConfiguration;
			buildSettings = {
				ARCHS = x86_64;
				"ARCHS[sdk=iphonesimulator*]" = x86_64;
				CLANG_CXX_LIBRARY = "libc++";
				CLANG_ENABLE_OBJC_ARC = YES;
				CODE_SIGNING_REQUIRED = NO;
				ENABLE_BITCODE = NO;
				GCC_SYMBOLS_PRIVATE_EXTERN = YES;
				IPHONEOS_DEPLOYMENT_TARGET = 11.0;
				SDKROOT = /Applications/Xcode_13.2.1_fb.app/Contents/Developer/Platforms/iPhoneSimulator.platform/Developer/SDKs/iPhoneSimulator15.2.sdk;
				SYMROOT = /Users/chenlai/tmp_executorch/executorch/FXdiv/build;
				"VALID_ARCHS[sdk=iphonesimulator*]" = x86_64;
			};
			name = RelWithDebInfo;
		};
		77EB25F8B4694FFD9970090D /* Debug */ = {
			isa = XCBuildConfiguration;
			buildSettings = {
				ARCHS = x86_64;
				"ARCHS[sdk=iphonesimulator*]" = x86_64;
				CLANG_CXX_LIBRARY = "libc++";
				CLANG_ENABLE_OBJC_ARC = YES;
				CODE_SIGNING_REQUIRED = NO;
				ENABLE_BITCODE = NO;
				GCC_SYMBOLS_PRIVATE_EXTERN = YES;
				IPHONEOS_DEPLOYMENT_TARGET = 11.0;
				SDKROOT = /Applications/Xcode_13.2.1_fb.app/Contents/Developer/Platforms/iPhoneSimulator.platform/Developer/SDKs/iPhoneSimulator15.2.sdk;
				SYMROOT = /Users/chenlai/tmp_executorch/executorch/FXdiv/build;
				"VALID_ARCHS[sdk=iphonesimulator*]" = x86_64;
			};
			name = Debug;
		};
		88FF8CA260654E68B0DDCE64 /* MinSizeRel */ = {
			isa = XCBuildConfiguration;
			buildSettings = {
				COMBINE_HIDPI_IMAGES = YES;
				GCC_GENERATE_DEBUGGING_SYMBOLS = YES;
				GCC_INLINES_ARE_PRIVATE_EXTERN = NO;
				GCC_OPTIMIZATION_LEVEL = 0;
				GCC_PREPROCESSOR_DEFINITIONS = ("'CMAKE_INTDIR=\"$(CONFIGURATION)$(EFFECTIVE_PLATFORM_NAME)\"'");
				GCC_SYMBOLS_PRIVATE_EXTERN = NO;
				INSTALL_PATH = "";
				OTHER_LDFLAGS = ("");
				OTHER_REZFLAGS = "";
				PRODUCT_NAME = install;
				SECTORDER_FLAGS = "";
				SYMROOT = /Users/chenlai/tmp_executorch/executorch/FXdiv;
				USE_HEADERMAP = NO;
				WARNING_CFLAGS = ("$(inherited)");
			};
			name = MinSizeRel;
		};
		B829CCB4C9264AD5892B11AF /* Release */ = {
			isa = XCBuildConfiguration;
			buildSettings = {
				COMBINE_HIDPI_IMAGES = YES;
				GCC_GENERATE_DEBUGGING_SYMBOLS = YES;
				GCC_INLINES_ARE_PRIVATE_EXTERN = NO;
				GCC_OPTIMIZATION_LEVEL = 0;
				GCC_PREPROCESSOR_DEFINITIONS = ("'CMAKE_INTDIR=\"$(CONFIGURATION)$(EFFECTIVE_PLATFORM_NAME)\"'");
				GCC_SYMBOLS_PRIVATE_EXTERN = NO;
				INSTALL_PATH = "";
				OTHER_LDFLAGS = ("");
				OTHER_REZFLAGS = "";
				PRODUCT_NAME = ZERO_CHECK;
				SECTORDER_FLAGS = "";
				SYMROOT = /Users/chenlai/tmp_executorch/executorch/FXdiv;
				USE_HEADERMAP = NO;
				WARNING_CFLAGS = ("$(inherited)");
			};
			name = Release;
		};
		C8C69AB3046C4B728F090D54 /* MinSizeRel */ = {
			isa = XCBuildConfiguration;
			buildSettings = {
				COMBINE_HIDPI_IMAGES = YES;
				GCC_GENERATE_DEBUGGING_SYMBOLS = YES;
				GCC_INLINES_ARE_PRIVATE_EXTERN = NO;
				GCC_OPTIMIZATION_LEVEL = 0;
				GCC_PREPROCESSOR_DEFINITIONS = ("'CMAKE_INTDIR=\"$(CONFIGURATION)$(EFFECTIVE_PLATFORM_NAME)\"'");
				GCC_SYMBOLS_PRIVATE_EXTERN = NO;
				INSTALL_PATH = "";
				OTHER_LDFLAGS = ("");
				OTHER_REZFLAGS = "";
				PRODUCT_NAME = ALL_BUILD;
				SECTORDER_FLAGS = "";
				SYMROOT = /Users/chenlai/tmp_executorch/executorch/FXdiv;
				USE_HEADERMAP = NO;
				WARNING_CFLAGS = ("$(inherited)");
			};
			name = MinSizeRel;
		};
		D29A382A98A5464386815359 /* Debug */ = {
			isa = XCBuildConfiguration;
			buildSettings = {
				COMBINE_HIDPI_IMAGES = YES;
				GCC_GENERATE_DEBUGGING_SYMBOLS = YES;
				GCC_INLINES_ARE_PRIVATE_EXTERN = NO;
				GCC_OPTIMIZATION_LEVEL = 0;
				GCC_PREPROCESSOR_DEFINITIONS = ("'CMAKE_INTDIR=\"$(CONFIGURATION)$(EFFECTIVE_PLATFORM_NAME)\"'");
				GCC_SYMBOLS_PRIVATE_EXTERN = NO;
				INSTALL_PATH = "";
				OTHER_LDFLAGS = ("");
				OTHER_REZFLAGS = "";
				PRODUCT_NAME = install;
				SECTORDER_FLAGS = "";
				SYMROOT = /Users/chenlai/tmp_executorch/executorch/FXdiv;
				USE_HEADERMAP = NO;
				WARNING_CFLAGS = ("$(inherited)");
			};
			name = Debug;
		};
		D7BA9CF222D943A3B2A1F3A2 /* RelWithDebInfo */ = {
			isa = XCBuildConfiguration;
			buildSettings = {
				COMBINE_HIDPI_IMAGES = YES;
				GCC_GENERATE_DEBUGGING_SYMBOLS = YES;
				GCC_INLINES_ARE_PRIVATE_EXTERN = NO;
				GCC_OPTIMIZATION_LEVEL = 0;
				GCC_PREPROCESSOR_DEFINITIONS = ("'CMAKE_INTDIR=\"$(CONFIGURATION)$(EFFECTIVE_PLATFORM_NAME)\"'");
				GCC_SYMBOLS_PRIVATE_EXTERN = NO;
				INSTALL_PATH = "";
				OTHER_LDFLAGS = ("");
				OTHER_REZFLAGS = "";
				PRODUCT_NAME = install;
				SECTORDER_FLAGS = "";
				SYMROOT = /Users/chenlai/tmp_executorch/executorch/FXdiv;
				USE_HEADERMAP = NO;
				WARNING_CFLAGS = ("$(inherited)");
			};
			name = RelWithDebInfo;
		};
		D821617039CE499BB443B6A2 /* RelWithDebInfo */ = {
			isa = XCBuildConfiguration;
			buildSettings = {
				COMBINE_HIDPI_IMAGES = YES;
				GCC_GENERATE_DEBUGGING_SYMBOLS = YES;
				GCC_INLINES_ARE_PRIVATE_EXTERN = NO;
				GCC_OPTIMIZATION_LEVEL = 0;
				GCC_PREPROCESSOR_DEFINITIONS = ("'CMAKE_INTDIR=\"$(CONFIGURATION)$(EFFECTIVE_PLATFORM_NAME)\"'");
				GCC_SYMBOLS_PRIVATE_EXTERN = NO;
				INSTALL_PATH = "";
				OTHER_LDFLAGS = ("");
				OTHER_REZFLAGS = "";
				PRODUCT_NAME = ALL_BUILD;
				SECTORDER_FLAGS = "";
				SYMROOT = /Users/chenlai/tmp_executorch/executorch/FXdiv;
				USE_HEADERMAP = NO;
				WARNING_CFLAGS = ("$(inherited)");
			};
			name = RelWithDebInfo;
		};
		E0E0BFC3D6C747D8BFE3A37A /* Debug */ = {
			isa = XCBuildConfiguration;
			buildSettings = {
				COMBINE_HIDPI_IMAGES = YES;
				GCC_GENERATE_DEBUGGING_SYMBOLS = YES;
				GCC_INLINES_ARE_PRIVATE_EXTERN = NO;
				GCC_OPTIMIZATION_LEVEL = 0;
				GCC_PREPROCESSOR_DEFINITIONS = ("'CMAKE_INTDIR=\"$(CONFIGURATION)$(EFFECTIVE_PLATFORM_NAME)\"'");
				GCC_SYMBOLS_PRIVATE_EXTERN = NO;
				INSTALL_PATH = "";
				OTHER_LDFLAGS = ("");
				OTHER_REZFLAGS = "";
				PRODUCT_NAME = ZERO_CHECK;
				SECTORDER_FLAGS = "";
				SYMROOT = /Users/chenlai/tmp_executorch/executorch/FXdiv;
				USE_HEADERMAP = NO;
				WARNING_CFLAGS = ("$(inherited)");
			};
			name = Debug;
		};
		EFC74B54619F4426B4D9E62A /* Release */ = {
			isa = XCBuildConfiguration;
			buildSettings = {
				COMBINE_HIDPI_IMAGES = YES;
				GCC_GENERATE_DEBUGGING_SYMBOLS = YES;
				GCC_INLINES_ARE_PRIVATE_EXTERN = NO;
				GCC_OPTIMIZATION_LEVEL = 0;
				GCC_PREPROCESSOR_DEFINITIONS = ("'CMAKE_INTDIR=\"$(CONFIGURATION)$(EFFECTIVE_PLATFORM_NAME)\"'");
				GCC_SYMBOLS_PRIVATE_EXTERN = NO;
				INSTALL_PATH = "";
				OTHER_LDFLAGS = ("");
				OTHER_REZFLAGS = "";
				PRODUCT_NAME = ALL_BUILD;
				SECTORDER_FLAGS = "";
				SYMROOT = /Users/chenlai/tmp_executorch/executorch/FXdiv;
				USE_HEADERMAP = NO;
				WARNING_CFLAGS = ("$(inherited)");
			};
			name = Release;
		};
/* End XCBuildConfiguration section */

/* Begin XCConfigurationList section */
		0CAB5B0DC876436DAFCA316B /* Build configuration list for PBXAggregateTarget "ALL_BUILD" */ = {
			isa = XCConfigurationList;
			buildConfigurations = (
				48A5671FC4DE46BEBD7368C7 /* Debug */,
				EFC74B54619F4426B4D9E62A /* Release */,
				C8C69AB3046C4B728F090D54 /* MinSizeRel */,
				D821617039CE499BB443B6A2 /* RelWithDebInfo */,
			);
			defaultConfigurationIsVisible = 0;
			defaultConfigurationName = Debug;
		};
		4739F29123134823847D5D83 /* Build configuration list for PBXAggregateTarget "ZERO_CHECK" */ = {
			isa = XCConfigurationList;
			buildConfigurations = (
				E0E0BFC3D6C747D8BFE3A37A /* Debug */,
				B829CCB4C9264AD5892B11AF /* Release */,
				2860D525A17E4DF38680F392 /* MinSizeRel */,
				710D547ADF2D49008F77059F /* RelWithDebInfo */,
			);
			defaultConfigurationIsVisible = 0;
			defaultConfigurationName = Debug;
		};
		EA686565CB1141A1A9DD36D6 /* Build configuration list for PBXAggregateTarget "install" */ = {
			isa = XCConfigurationList;
			buildConfigurations = (
				D29A382A98A5464386815359 /* Debug */,
				56F91446D9E34706A7819DBD /* Release */,
				88FF8CA260654E68B0DDCE64 /* MinSizeRel */,
				D7BA9CF222D943A3B2A1F3A2 /* RelWithDebInfo */,
			);
			defaultConfigurationIsVisible = 0;
			defaultConfigurationName = Debug;
		};
		F0453F78C56B4B95815F5C7F /* Build configuration list for PBXProject "FXdiv" */ = {
			isa = XCConfigurationList;
			buildConfigurations = (
				77EB25F8B4694FFD9970090D /* Debug */,
				55BC3DF47EC345EDA0A48F5A /* Release */,
				34D8BF708ABF4ACC8BA118E7 /* MinSizeRel */,
				737BC8699C6C4D2DAC9B66D4 /* RelWithDebInfo */,
			);
			defaultConfigurationIsVisible = 0;
			defaultConfigurationName = Debug;
		};
/* End XCConfigurationList section */
	};
	rootObject = 287E71CDD0CA46B4B3CCD17B /* Project object */;
}
