// !$*UTF8*$!
{
	archiveVersion = 1;
	classes = {
	};
	objectVersion = 56;
	objects = {

/* Begin PBXBuildFile section */
		031B92DB2ACF20C900D4EBE0 /* libextension_data_loader.a in Frameworks */ = {isa = PBXBuildFile; fileRef = 031B92CF2ACF20C900D4EBE0 /* libextension_data_loader.a */; };
		031B92DC2ACF20C900D4EBE0 /* libexecutorch.a in Frameworks */ = {isa = PBXBuildFile; fileRef = 031B92D02ACF20C900D4EBE0 /* libexecutorch.a */; };
		031B92E42ACF20E100D4EBE0 /* libcoremldelegate.a in Frameworks */ = {isa = PBXBuildFile; fileRef = 031B92CD2ACF20C900D4EBE0 /* libcoremldelegate.a */; };
		031B92E52ACF20EF00D4EBE0 /* libportable_kernels.a in Frameworks */ = {isa = PBXBuildFile; fileRef = 031B92D82ACF20C900D4EBE0 /* libportable_kernels.a */; };
		031B92E62ACF20F100D4EBE0 /* libportable_ops_lib.a in Frameworks */ = {isa = PBXBuildFile; fileRef = 031B92D92ACF20C900D4EBE0 /* libportable_ops_lib.a */; };
		031B92E72ACF20F500D4EBE0 /* libxnnpack_backend.a in Frameworks */ = {isa = PBXBuildFile; fileRef = 031B92D22ACF20C900D4EBE0 /* libxnnpack_backend.a */; };
		031B92E82ACF20F800D4EBE0 /* libcpuinfo.a in Frameworks */ = {isa = PBXBuildFile; fileRef = 031B92D32ACF20C900D4EBE0 /* libcpuinfo.a */; };
		031B92E92ACF20FA00D4EBE0 /* libXNNPACK.a in Frameworks */ = {isa = PBXBuildFile; fileRef = 031B92D42ACF20C900D4EBE0 /* libXNNPACK.a */; };
		031B92EA2ACF20FE00D4EBE0 /* libpthreadpool.a in Frameworks */ = {isa = PBXBuildFile; fileRef = 031B92D52ACF20C900D4EBE0 /* libpthreadpool.a */; };
		031B92EB2ACF210100D4EBE0 /* libclog.a in Frameworks */ = {isa = PBXBuildFile; fileRef = 031B92D62ACF20C900D4EBE0 /* libclog.a */; };
		031B92ED2ACF214B00D4EBE0 /* Accelerate.framework in Frameworks */ = {isa = PBXBuildFile; fileRef = 031B92EC2ACF214B00D4EBE0 /* Accelerate.framework */; };
		031B92EF2ACF214F00D4EBE0 /* CoreML.framework in Frameworks */ = {isa = PBXBuildFile; fileRef = 031B92EE2ACF214F00D4EBE0 /* CoreML.framework */; };
		031B92F12ACF215400D4EBE0 /* libsqlite3.tbd in Frameworks */ = {isa = PBXBuildFile; fileRef = 031B92F02ACF215400D4EBE0 /* libsqlite3.tbd */; };
		031B92F72ACF2A5400D4EBE0 /* mv3_mps.pte in Resources */ = {isa = PBXBuildFile; fileRef = 031B92F62ACF2A5400D4EBE0 /* mv3_mps.pte */; };
		031B92F82ACF2A5400D4EBE0 /* mv3_mps.pte in Resources */ = {isa = PBXBuildFile; fileRef = 031B92F62ACF2A5400D4EBE0 /* mv3_mps.pte */; };
		032C01A52AC22B16002955E1 /* App.swift in Sources */ = {isa = PBXBuildFile; fileRef = 032C018B2AC22B16002955E1 /* App.swift */; };
		032C01A72AC22B16002955E1 /* ContentView.swift in Sources */ = {isa = PBXBuildFile; fileRef = 032C018D2AC22B16002955E1 /* ContentView.swift */; };
		032C01B72AC329B6002955E1 /* CustomViews.swift in Sources */ = {isa = PBXBuildFile; fileRef = 032C01B62AC329B6002955E1 /* CustomViews.swift */; };
		032C01B92AC32ADF002955E1 /* CameraController.swift in Sources */ = {isa = PBXBuildFile; fileRef = 032C01B82AC32ADF002955E1 /* CameraController.swift */; };
		032C01E82AC34B60002955E1 /* MobileNetClassifier.mm in Sources */ = {isa = PBXBuildFile; fileRef = 032C01902AC22B16002955E1 /* MobileNetClassifier.mm */; };
		032C01E92AC34B63002955E1 /* Module.cpp in Sources */ = {isa = PBXBuildFile; fileRef = 032C01942AC22B16002955E1 /* Module.cpp */; };
		032C01EC2AC34CAC002955E1 /* libMobileNetClassifier.a in Frameworks */ = {isa = PBXBuildFile; fileRef = 032C01CB2AC34632002955E1 /* libMobileNetClassifier.a */; };
		032C02032AC47CFB002955E1 /* mv3_xnnpack_fp32.pte in Resources */ = {isa = PBXBuildFile; fileRef = 032C01FC2AC47CFB002955E1 /* mv3_xnnpack_fp32.pte */; };
		032C02082AC47CFB002955E1 /* imagenet_classes.txt in Resources */ = {isa = PBXBuildFile; fileRef = 032C02012AC47CFB002955E1 /* imagenet_classes.txt */; };
		036834D52ACB710D00BA100F /* mv3.pte in Resources */ = {isa = PBXBuildFile; fileRef = 036834D42ACB710D00BA100F /* mv3.pte */; };
		036834D62ACB710D00BA100F /* mv3.pte in Resources */ = {isa = PBXBuildFile; fileRef = 036834D42ACB710D00BA100F /* mv3.pte */; };
		036834D82ACB893700BA100F /* mv3_coreml.pte in Resources */ = {isa = PBXBuildFile; fileRef = 036834D72ACB893700BA100F /* mv3_coreml.pte */; };
		036834D92ACB893700BA100F /* mv3_coreml.pte in Resources */ = {isa = PBXBuildFile; fileRef = 036834D72ACB893700BA100F /* mv3_coreml.pte */; };
		03C818192AC671980084CC29 /* Samoyed.jpg in Resources */ = {isa = PBXBuildFile; fileRef = 03C818182AC671980084CC29 /* Samoyed.jpg */; };
		03C8181D2AC69C280084CC29 /* Arctic fox.jpg in Resources */ = {isa = PBXBuildFile; fileRef = 03C8181C2AC69C280084CC29 /* Arctic fox.jpg */; };
		03C8181F2AC69DFF0084CC29 /* hot pot.jpg in Resources */ = {isa = PBXBuildFile; fileRef = 03C8181E2AC69DFF0084CC29 /* hot pot.jpg */; };
		03C818242AC6E3010084CC29 /* MobileNetClassifierTest.swift in Sources */ = {isa = PBXBuildFile; fileRef = 03C818232AC6E3010084CC29 /* MobileNetClassifierTest.swift */; };
		03C818252AC75E580084CC29 /* MobileNetClassifier.swift in Sources */ = {isa = PBXBuildFile; fileRef = 032C018A2AC22B16002955E1 /* MobileNetClassifier.swift */; };
		03C818282AC760650084CC29 /* libMobileNetClassifier.a in Frameworks */ = {isa = PBXBuildFile; fileRef = 032C01CB2AC34632002955E1 /* libMobileNetClassifier.a */; };
		03C8182A2AC7901D0084CC29 /* ClassificationController.swift in Sources */ = {isa = PBXBuildFile; fileRef = 03C818292AC7901D0084CC29 /* ClassificationController.swift */; };
		03C8182C2AC790F40084CC29 /* CameraPreview.swift in Sources */ = {isa = PBXBuildFile; fileRef = 03C8182B2AC790F40084CC29 /* CameraPreview.swift */; };
		03C818322AC79FCD0084CC29 /* ImageClassification.swift in Sources */ = {isa = PBXBuildFile; fileRef = 03C8182D2AC796A00084CC29 /* ImageClassification.swift */; };
		03C818472AC7A1190084CC29 /* libImageClassification.a in Frameworks */ = {isa = PBXBuildFile; fileRef = 03C818442AC79FCD0084CC29 /* libImageClassification.a */; };
		03C818482AC7BF470084CC29 /* imagenet_classes.txt in Resources */ = {isa = PBXBuildFile; fileRef = 032C02012AC47CFB002955E1 /* imagenet_classes.txt */; };
		03C8184A2AC7BF470084CC29 /* mv3_xnnpack_fp32.pte in Resources */ = {isa = PBXBuildFile; fileRef = 032C01FC2AC47CFB002955E1 /* mv3_xnnpack_fp32.pte */; };
/* End PBXBuildFile section */

/* Begin PBXContainerItemProxy section */
		032C01EA2AC34CA8002955E1 /* PBXContainerItemProxy */ = {
			isa = PBXContainerItemProxy;
			containerPortal = 032C01672AC228E5002955E1 /* Project object */;
			proxyType = 1;
			remoteGlobalIDString = 032C01CA2AC34632002955E1;
			remoteInfo = VisionModel;
		};
		03C818452AC7A0DB0084CC29 /* PBXContainerItemProxy */ = {
			isa = PBXContainerItemProxy;
			containerPortal = 032C01672AC228E5002955E1 /* Project object */;
			proxyType = 1;
			remoteGlobalIDString = 03C818302AC79FCD0084CC29;
			remoteInfo = ImageClassification;
		};
		03C8184C2AC801EA0084CC29 /* PBXContainerItemProxy */ = {
			isa = PBXContainerItemProxy;
			containerPortal = 032C01672AC228E5002955E1 /* Project object */;
			proxyType = 1;
			remoteGlobalIDString = 032C016E2AC228E6002955E1;
			remoteInfo = App;
		};
/* End PBXContainerItemProxy section */

/* Begin PBXCopyFilesBuildPhase section */
		032C01C92AC34632002955E1 /* CopyFiles */ = {
			isa = PBXCopyFilesBuildPhase;
			buildActionMask = 2147483647;
			dstPath = "include/$(PRODUCT_NAME)";
			dstSubfolderSpec = 16;
			files = (
			);
			runOnlyForDeploymentPostprocessing = 0;
		};
		03C818402AC79FCD0084CC29 /* CopyFiles */ = {
			isa = PBXCopyFilesBuildPhase;
			buildActionMask = 2147483647;
			dstPath = "include/$(PRODUCT_NAME)";
			dstSubfolderSpec = 16;
			files = (
			);
			runOnlyForDeploymentPostprocessing = 0;
		};
/* End PBXCopyFilesBuildPhase section */

/* Begin PBXFileReference section */
		031B92CD2ACF20C900D4EBE0 /* libcoremldelegate.a */ = {isa = PBXFileReference; lastKnownFileType = archive.ar; path = libcoremldelegate.a; sourceTree = "<group>"; };
		031B92CF2ACF20C900D4EBE0 /* libextension_data_loader.a */ = {isa = PBXFileReference; lastKnownFileType = archive.ar; path = libextension_data_loader.a; sourceTree = "<group>"; };
		031B92D02ACF20C900D4EBE0 /* libexecutorch.a */ = {isa = PBXFileReference; lastKnownFileType = archive.ar; path = libexecutorch.a; sourceTree = "<group>"; };
		031B92D22ACF20C900D4EBE0 /* libxnnpack_backend.a */ = {isa = PBXFileReference; lastKnownFileType = archive.ar; path = libxnnpack_backend.a; sourceTree = "<group>"; };
		031B92D32ACF20C900D4EBE0 /* libcpuinfo.a */ = {isa = PBXFileReference; lastKnownFileType = archive.ar; path = libcpuinfo.a; sourceTree = "<group>"; };
		031B92D42ACF20C900D4EBE0 /* libXNNPACK.a */ = {isa = PBXFileReference; lastKnownFileType = archive.ar; path = libXNNPACK.a; sourceTree = "<group>"; };
		031B92D52ACF20C900D4EBE0 /* libpthreadpool.a */ = {isa = PBXFileReference; lastKnownFileType = archive.ar; path = libpthreadpool.a; sourceTree = "<group>"; };
		031B92D62ACF20C900D4EBE0 /* libclog.a */ = {isa = PBXFileReference; lastKnownFileType = archive.ar; path = libclog.a; sourceTree = "<group>"; };
		031B92D82ACF20C900D4EBE0 /* libportable_kernels.a */ = {isa = PBXFileReference; lastKnownFileType = archive.ar; path = libportable_kernels.a; sourceTree = "<group>"; };
		031B92D92ACF20C900D4EBE0 /* libportable_ops_lib.a */ = {isa = PBXFileReference; lastKnownFileType = archive.ar; path = libportable_ops_lib.a; sourceTree = "<group>"; };
		031B92EC2ACF214B00D4EBE0 /* Accelerate.framework */ = {isa = PBXFileReference; lastKnownFileType = wrapper.framework; name = Accelerate.framework; path = System/Library/Frameworks/Accelerate.framework; sourceTree = SDKROOT; };
		031B92EE2ACF214F00D4EBE0 /* CoreML.framework */ = {isa = PBXFileReference; lastKnownFileType = wrapper.framework; name = CoreML.framework; path = System/Library/Frameworks/CoreML.framework; sourceTree = SDKROOT; };
		031B92F02ACF215400D4EBE0 /* libsqlite3.tbd */ = {isa = PBXFileReference; lastKnownFileType = "sourcecode.text-based-dylib-definition"; name = libsqlite3.tbd; path = usr/lib/libsqlite3.tbd; sourceTree = SDKROOT; };
		031B92F62ACF2A5400D4EBE0 /* mv3_mps.pte */ = {isa = PBXFileReference; lastKnownFileType = file; path = mv3_mps.pte; sourceTree = "<group>"; };
		032C016F2AC228E6002955E1 /* ExecuTorchDemo.app */ = {isa = PBXFileReference; explicitFileType = wrapper.application; includeInIndex = 0; path = ExecuTorchDemo.app; sourceTree = BUILT_PRODUCTS_DIR; };
		032C018A2AC22B16002955E1 /* MobileNetClassifier.swift */ = {isa = PBXFileReference; fileEncoding = 4; lastKnownFileType = sourcecode.swift; path = MobileNetClassifier.swift; sourceTree = "<group>"; };
		032C018B2AC22B16002955E1 /* App.swift */ = {isa = PBXFileReference; fileEncoding = 4; lastKnownFileType = sourcecode.swift; path = App.swift; sourceTree = "<group>"; };
		032C018D2AC22B16002955E1 /* ContentView.swift */ = {isa = PBXFileReference; fileEncoding = 4; lastKnownFileType = sourcecode.swift; path = ContentView.swift; sourceTree = "<group>"; };
		032C018E2AC22B16002955E1 /* MobileNet-Bridging-Header.h */ = {isa = PBXFileReference; fileEncoding = 4; lastKnownFileType = sourcecode.c.h; path = "MobileNet-Bridging-Header.h"; sourceTree = "<group>"; };
		032C01902AC22B16002955E1 /* MobileNetClassifier.mm */ = {isa = PBXFileReference; fileEncoding = 4; lastKnownFileType = sourcecode.cpp.objcpp; path = MobileNetClassifier.mm; sourceTree = "<group>"; };
		032C01912AC22B16002955E1 /* MobileNetClassifier.h */ = {isa = PBXFileReference; fileEncoding = 4; lastKnownFileType = sourcecode.c.h; path = MobileNetClassifier.h; sourceTree = "<group>"; };
		032C01932AC22B16002955E1 /* Module.h */ = {isa = PBXFileReference; fileEncoding = 4; lastKnownFileType = sourcecode.c.h; path = Module.h; sourceTree = "<group>"; };
		032C01942AC22B16002955E1 /* Module.cpp */ = {isa = PBXFileReference; fileEncoding = 4; lastKnownFileType = sourcecode.cpp.cpp; path = Module.cpp; sourceTree = "<group>"; };
		032C01B62AC329B6002955E1 /* CustomViews.swift */ = {isa = PBXFileReference; lastKnownFileType = sourcecode.swift; path = CustomViews.swift; sourceTree = "<group>"; };
		032C01B82AC32ADF002955E1 /* CameraController.swift */ = {isa = PBXFileReference; lastKnownFileType = sourcecode.swift; path = CameraController.swift; sourceTree = "<group>"; };
		032C01CB2AC34632002955E1 /* libMobileNetClassifier.a */ = {isa = PBXFileReference; explicitFileType = archive.ar; includeInIndex = 0; path = libMobileNetClassifier.a; sourceTree = BUILT_PRODUCTS_DIR; };
		032C01FC2AC47CFB002955E1 /* mv3_xnnpack_fp32.pte */ = {isa = PBXFileReference; lastKnownFileType = file; path = mv3_xnnpack_fp32.pte; sourceTree = "<group>"; };
		032C02012AC47CFB002955E1 /* imagenet_classes.txt */ = {isa = PBXFileReference; fileEncoding = 4; lastKnownFileType = text; path = imagenet_classes.txt; sourceTree = "<group>"; };
		036834D42ACB710D00BA100F /* mv3.pte */ = {isa = PBXFileReference; lastKnownFileType = file; path = mv3.pte; sourceTree = "<group>"; };
		036834D72ACB893700BA100F /* mv3_coreml.pte */ = {isa = PBXFileReference; fileEncoding = 4; lastKnownFileType = text; path = mv3_coreml.pte; sourceTree = "<group>"; };
		03C8180A2AC66FC30084CC29 /* MobileNetClassifierTest.xctest */ = {isa = PBXFileReference; explicitFileType = wrapper.cfbundle; includeInIndex = 0; path = MobileNetClassifierTest.xctest; sourceTree = BUILT_PRODUCTS_DIR; };
		03C818182AC671980084CC29 /* Samoyed.jpg */ = {isa = PBXFileReference; lastKnownFileType = image.jpeg; path = Samoyed.jpg; sourceTree = "<group>"; };
		03C8181C2AC69C280084CC29 /* Arctic fox.jpg */ = {isa = PBXFileReference; lastKnownFileType = image.jpeg; path = "Arctic fox.jpg"; sourceTree = "<group>"; };
		03C8181E2AC69DFF0084CC29 /* hot pot.jpg */ = {isa = PBXFileReference; lastKnownFileType = image.jpeg; path = "hot pot.jpg"; sourceTree = "<group>"; };
		03C818232AC6E3010084CC29 /* MobileNetClassifierTest.swift */ = {isa = PBXFileReference; fileEncoding = 4; lastKnownFileType = sourcecode.swift; path = MobileNetClassifierTest.swift; sourceTree = "<group>"; };
		03C818292AC7901D0084CC29 /* ClassificationController.swift */ = {isa = PBXFileReference; fileEncoding = 4; lastKnownFileType = sourcecode.swift; path = ClassificationController.swift; sourceTree = "<group>"; };
		03C8182B2AC790F40084CC29 /* CameraPreview.swift */ = {isa = PBXFileReference; lastKnownFileType = sourcecode.swift; path = CameraPreview.swift; sourceTree = "<group>"; };
		03C8182D2AC796A00084CC29 /* ImageClassification.swift */ = {isa = PBXFileReference; lastKnownFileType = sourcecode.swift; path = ImageClassification.swift; sourceTree = "<group>"; };
		03C818442AC79FCD0084CC29 /* libImageClassification.a */ = {isa = PBXFileReference; explicitFileType = archive.ar; includeInIndex = 0; path = libImageClassification.a; sourceTree = BUILT_PRODUCTS_DIR; };
/* End PBXFileReference section */

/* Begin PBXFrameworksBuildPhase section */
		032C016C2AC228E6002955E1 /* Frameworks */ = {
			isa = PBXFrameworksBuildPhase;
			buildActionMask = 2147483647;
			files = (
				031B92ED2ACF214B00D4EBE0 /* Accelerate.framework in Frameworks */,
				031B92EF2ACF214F00D4EBE0 /* CoreML.framework in Frameworks */,
				032C01EC2AC34CAC002955E1 /* libMobileNetClassifier.a in Frameworks */,
				031B92E92ACF20FA00D4EBE0 /* libXNNPACK.a in Frameworks */,
				031B92EB2ACF210100D4EBE0 /* libclog.a in Frameworks */,
				031B92E42ACF20E100D4EBE0 /* libcoremldelegate.a in Frameworks */,
				031B92E82ACF20F800D4EBE0 /* libcpuinfo.a in Frameworks */,
				031B92E52ACF20EF00D4EBE0 /* libportable_kernels.a in Frameworks */,
				031B92E62ACF20F100D4EBE0 /* libportable_ops_lib.a in Frameworks */,
				031B92EA2ACF20FE00D4EBE0 /* libpthreadpool.a in Frameworks */,
				031B92F12ACF215400D4EBE0 /* libsqlite3.tbd in Frameworks */,
				031B92E72ACF20F500D4EBE0 /* libxnnpack_backend.a in Frameworks */,
			);
			runOnlyForDeploymentPostprocessing = 0;
		};
		032C01C82AC34632002955E1 /* Frameworks */ = {
			isa = PBXFrameworksBuildPhase;
			buildActionMask = 2147483647;
			files = (
				03C818472AC7A1190084CC29 /* libImageClassification.a in Frameworks */,
				031B92DC2ACF20C900D4EBE0 /* libexecutorch.a in Frameworks */,
				031B92DB2ACF20C900D4EBE0 /* libextension_data_loader.a in Frameworks */,
			);
			runOnlyForDeploymentPostprocessing = 0;
		};
		03C818072AC66FC30084CC29 /* Frameworks */ = {
			isa = PBXFrameworksBuildPhase;
			buildActionMask = 2147483647;
			files = (
				03C818282AC760650084CC29 /* libMobileNetClassifier.a in Frameworks */,
			);
			runOnlyForDeploymentPostprocessing = 0;
		};
		03C818362AC79FCD0084CC29 /* Frameworks */ = {
			isa = PBXFrameworksBuildPhase;
			buildActionMask = 2147483647;
			files = (
			);
			runOnlyForDeploymentPostprocessing = 0;
		};
/* End PBXFrameworksBuildPhase section */

/* Begin PBXGroup section */
		031B92CC2ACF20C900D4EBE0 /* coreml */ = {
			isa = PBXGroup;
			children = (
				031B92CD2ACF20C900D4EBE0 /* libcoremldelegate.a */,
			);
			path = coreml;
			sourceTree = "<group>";
		};
		031B92CE2ACF20C900D4EBE0 /* executorch */ = {
			isa = PBXGroup;
			children = (
				031B92CF2ACF20C900D4EBE0 /* libextension_data_loader.a */,
				031B92D02ACF20C900D4EBE0 /* libexecutorch.a */,
			);
			path = executorch;
			sourceTree = "<group>";
		};
		031B92D12ACF20C900D4EBE0 /* xnnpack */ = {
			isa = PBXGroup;
			children = (
				031B92D22ACF20C900D4EBE0 /* libxnnpack_backend.a */,
				031B92D32ACF20C900D4EBE0 /* libcpuinfo.a */,
				031B92D42ACF20C900D4EBE0 /* libXNNPACK.a */,
				031B92D52ACF20C900D4EBE0 /* libpthreadpool.a */,
				031B92D62ACF20C900D4EBE0 /* libclog.a */,
			);
			path = xnnpack;
			sourceTree = "<group>";
		};
		031B92D72ACF20C900D4EBE0 /* portable */ = {
			isa = PBXGroup;
			children = (
				031B92D82ACF20C900D4EBE0 /* libportable_kernels.a */,
				031B92D92ACF20C900D4EBE0 /* libportable_ops_lib.a */,
			);
			path = portable;
			sourceTree = "<group>";
		};
		032C01662AC228E5002955E1 = {
			isa = PBXGroup;
			children = (
				032C01712AC228E6002955E1 /* ExecuTorchDemo */,
				032C01702AC228E6002955E1 /* Products */,
				032C01E52AC34826002955E1 /* Frameworks */,
			);
			sourceTree = "<group>";
		};
		032C01702AC228E6002955E1 /* Products */ = {
			isa = PBXGroup;
			children = (
				032C016F2AC228E6002955E1 /* ExecuTorchDemo.app */,
				032C01CB2AC34632002955E1 /* libMobileNetClassifier.a */,
				03C8180A2AC66FC30084CC29 /* MobileNetClassifierTest.xctest */,
				03C818442AC79FCD0084CC29 /* libImageClassification.a */,
			);
			name = Products;
			sourceTree = "<group>";
		};
		032C01712AC228E6002955E1 /* ExecuTorchDemo */ = {
			isa = PBXGroup;
			children = (
				032C019E2AC22B16002955E1 /* Resources */,
				032C01882AC22B16002955E1 /* Sources */,
			);
			path = ExecuTorchDemo;
			sourceTree = "<group>";
		};
		032C01882AC22B16002955E1 /* Sources */ = {
			isa = PBXGroup;
			children = (
				032C01892AC22B16002955E1 /* App */,
				03C8182F2AC79F500084CC29 /* ImageClassification */,
				032C018F2AC22B16002955E1 /* MobileNet */,
			);
			path = Sources;
			sourceTree = "<group>";
		};
		032C01892AC22B16002955E1 /* App */ = {
			isa = PBXGroup;
			children = (
				032C018B2AC22B16002955E1 /* App.swift */,
				032C018D2AC22B16002955E1 /* ContentView.swift */,
				03C8182B2AC790F40084CC29 /* CameraPreview.swift */,
				032C01B62AC329B6002955E1 /* CustomViews.swift */,
				032C01B82AC32ADF002955E1 /* CameraController.swift */,
				03C818292AC7901D0084CC29 /* ClassificationController.swift */,
			);
			path = App;
			sourceTree = "<group>";
		};
		032C018F2AC22B16002955E1 /* MobileNet */ = {
			isa = PBXGroup;
			children = (
				03C818132AC6707F0084CC29 /* Test */,
				032C018A2AC22B16002955E1 /* MobileNetClassifier.swift */,
				032C018E2AC22B16002955E1 /* MobileNet-Bridging-Header.h */,
				032C01912AC22B16002955E1 /* MobileNetClassifier.h */,
				032C01902AC22B16002955E1 /* MobileNetClassifier.mm */,
				032C01932AC22B16002955E1 /* Module.h */,
				032C01942AC22B16002955E1 /* Module.cpp */,
			);
			path = MobileNet;
			sourceTree = "<group>";
		};
		032C019E2AC22B16002955E1 /* Resources */ = {
			isa = PBXGroup;
			children = (
				03C818172AC671980084CC29 /* Examples */,
				032C019F2AC22B16002955E1 /* Models */,
			);
			path = Resources;
			sourceTree = "<group>";
		};
		032C019F2AC22B16002955E1 /* Models */ = {
			isa = PBXGroup;
			children = (
				032C01A02AC22B16002955E1 /* MobileNet */,
			);
			path = Models;
			sourceTree = "<group>";
		};
		032C01A02AC22B16002955E1 /* MobileNet */ = {
			isa = PBXGroup;
			children = (
				032C02012AC47CFB002955E1 /* imagenet_classes.txt */,
				036834D72ACB893700BA100F /* mv3_coreml.pte */,
				031B92F62ACF2A5400D4EBE0 /* mv3_mps.pte */,
				032C01FC2AC47CFB002955E1 /* mv3_xnnpack_fp32.pte */,
				036834D42ACB710D00BA100F /* mv3.pte */,
			);
			path = MobileNet;
			sourceTree = "<group>";
		};
		032C01E52AC34826002955E1 /* Frameworks */ = {
			isa = PBXGroup;
			children = (
				031B92F02ACF215400D4EBE0 /* libsqlite3.tbd */,
				031B92EE2ACF214F00D4EBE0 /* CoreML.framework */,
				031B92EC2ACF214B00D4EBE0 /* Accelerate.framework */,
				031B92CC2ACF20C900D4EBE0 /* coreml */,
				031B92CE2ACF20C900D4EBE0 /* executorch */,
				031B92D72ACF20C900D4EBE0 /* portable */,
				031B92D12ACF20C900D4EBE0 /* xnnpack */,
			);
			name = Frameworks;
			path = ExecuTorchDemo/Frameworks;
			sourceTree = "<group>";
		};
		03C818132AC6707F0084CC29 /* Test */ = {
			isa = PBXGroup;
			children = (
				03C818232AC6E3010084CC29 /* MobileNetClassifierTest.swift */,
			);
			path = Test;
			sourceTree = "<group>";
		};
		03C818172AC671980084CC29 /* Examples */ = {
			isa = PBXGroup;
			children = (
				03C8181C2AC69C280084CC29 /* Arctic fox.jpg */,
				03C818182AC671980084CC29 /* Samoyed.jpg */,
				03C8181E2AC69DFF0084CC29 /* hot pot.jpg */,
			);
			path = Examples;
			sourceTree = "<group>";
		};
		03C8182F2AC79F500084CC29 /* ImageClassification */ = {
			isa = PBXGroup;
			children = (
				03C8182D2AC796A00084CC29 /* ImageClassification.swift */,
			);
			path = ImageClassification;
			sourceTree = "<group>";
		};
/* End PBXGroup section */

/* Begin PBXNativeTarget section */
		032C016E2AC228E6002955E1 /* App */ = {
			isa = PBXNativeTarget;
			buildConfigurationList = 032C017D2AC228E7002955E1 /* Build configuration list for PBXNativeTarget "App" */;
			buildPhases = (
				032C016B2AC228E6002955E1 /* Sources */,
				032C016C2AC228E6002955E1 /* Frameworks */,
				032C016D2AC228E6002955E1 /* Resources */,
			);
			buildRules = (
			);
			dependencies = (
				032C01EB2AC34CA8002955E1 /* PBXTargetDependency */,
			);
			name = App;
			productName = ExecuTorchDemo;
			productReference = 032C016F2AC228E6002955E1 /* ExecuTorchDemo.app */;
			productType = "com.apple.product-type.application";
		};
		032C01CA2AC34632002955E1 /* MobileNetClassifier */ = {
			isa = PBXNativeTarget;
			buildConfigurationList = 032C01D12AC34632002955E1 /* Build configuration list for PBXNativeTarget "MobileNetClassifier" */;
			buildPhases = (
				032C01C72AC34632002955E1 /* Sources */,
				032C01C82AC34632002955E1 /* Frameworks */,
				032C01C92AC34632002955E1 /* CopyFiles */,
			);
			buildRules = (
			);
			dependencies = (
				03C818462AC7A0DB0084CC29 /* PBXTargetDependency */,
			);
			name = MobileNetClassifier;
			productName = TorchModule;
			productReference = 032C01CB2AC34632002955E1 /* libMobileNetClassifier.a */;
			productType = "com.apple.product-type.library.static";
		};
		03C818092AC66FC30084CC29 /* MobileNetClassifierTest */ = {
			isa = PBXNativeTarget;
			buildConfigurationList = 03C818102AC66FC30084CC29 /* Build configuration list for PBXNativeTarget "MobileNetClassifierTest" */;
			buildPhases = (
				03C818062AC66FC30084CC29 /* Sources */,
				03C818072AC66FC30084CC29 /* Frameworks */,
				03C818082AC66FC30084CC29 /* Resources */,
			);
			buildRules = (
			);
			dependencies = (
				03C8184D2AC801EA0084CC29 /* PBXTargetDependency */,
			);
			name = MobileNetClassifierTest;
			productName = ExecuTorchDemoTests;
			productReference = 03C8180A2AC66FC30084CC29 /* MobileNetClassifierTest.xctest */;
			productType = "com.apple.product-type.bundle.unit-test";
		};
		03C818302AC79FCD0084CC29 /* ImageClassification */ = {
			isa = PBXNativeTarget;
			buildConfigurationList = 03C818412AC79FCD0084CC29 /* Build configuration list for PBXNativeTarget "ImageClassification" */;
			buildPhases = (
				03C818312AC79FCD0084CC29 /* Sources */,
				03C818362AC79FCD0084CC29 /* Frameworks */,
				03C818402AC79FCD0084CC29 /* CopyFiles */,
			);
			buildRules = (
			);
			dependencies = (
			);
			name = ImageClassification;
			productName = TorchModule;
			productReference = 03C818442AC79FCD0084CC29 /* libImageClassification.a */;
			productType = "com.apple.product-type.library.static";
		};
/* End PBXNativeTarget section */

/* Begin PBXProject section */
		032C01672AC228E5002955E1 /* Project object */ = {
			isa = PBXProject;
			attributes = {
				BuildIndependentTargetsInParallel = 1;
				LastSwiftUpdateCheck = 1500;
				LastUpgradeCheck = 1500;
				TargetAttributes = {
					032C016E2AC228E6002955E1 = {
						CreatedOnToolsVersion = 15.0;
					};
					032C01CA2AC34632002955E1 = {
						CreatedOnToolsVersion = 15.0;
					};
					03C818092AC66FC30084CC29 = {
						CreatedOnToolsVersion = 15.0;
						LastSwiftMigration = 1500;
						TestTargetID = 032C016E2AC228E6002955E1;
					};
				};
			};
			buildConfigurationList = 032C016A2AC228E5002955E1 /* Build configuration list for PBXProject "ExecuTorchDemo" */;
			compatibilityVersion = "Xcode 14.0";
			developmentRegion = en;
			hasScannedForEncodings = 0;
			knownRegions = (
				en,
				Base,
			);
			mainGroup = 032C01662AC228E5002955E1;
			productRefGroup = 032C01702AC228E6002955E1 /* Products */;
			projectDirPath = "";
			projectRoot = "";
			targets = (
				032C016E2AC228E6002955E1 /* App */,
				03C818302AC79FCD0084CC29 /* ImageClassification */,
				032C01CA2AC34632002955E1 /* MobileNetClassifier */,
				03C818092AC66FC30084CC29 /* MobileNetClassifierTest */,
			);
		};
/* End PBXProject section */

/* Begin PBXResourcesBuildPhase section */
		032C016D2AC228E6002955E1 /* Resources */ = {
			isa = PBXResourcesBuildPhase;
			buildActionMask = 2147483647;
			files = (
				031B92F72ACF2A5400D4EBE0 /* mv3_mps.pte in Resources */,
				036834D82ACB893700BA100F /* mv3_coreml.pte in Resources */,
				036834D52ACB710D00BA100F /* mv3.pte in Resources */,
				032C02082AC47CFB002955E1 /* imagenet_classes.txt in Resources */,
				032C02032AC47CFB002955E1 /* mv3_xnnpack_fp32.pte in Resources */,
			);
			runOnlyForDeploymentPostprocessing = 0;
		};
		03C818082AC66FC30084CC29 /* Resources */ = {
			isa = PBXResourcesBuildPhase;
			buildActionMask = 2147483647;
			files = (
				036834D62ACB710D00BA100F /* mv3.pte in Resources */,
				03C818482AC7BF470084CC29 /* imagenet_classes.txt in Resources */,
				03C8184A2AC7BF470084CC29 /* mv3_xnnpack_fp32.pte in Resources */,
				03C8181D2AC69C280084CC29 /* Arctic fox.jpg in Resources */,
				03C818192AC671980084CC29 /* Samoyed.jpg in Resources */,
				036834D92ACB893700BA100F /* mv3_coreml.pte in Resources */,
				03C8181F2AC69DFF0084CC29 /* hot pot.jpg in Resources */,
				031B92F82ACF2A5400D4EBE0 /* mv3_mps.pte in Resources */,
			);
			runOnlyForDeploymentPostprocessing = 0;
		};
/* End PBXResourcesBuildPhase section */

/* Begin PBXSourcesBuildPhase section */
		032C016B2AC228E6002955E1 /* Sources */ = {
			isa = PBXSourcesBuildPhase;
			buildActionMask = 2147483647;
			files = (
				032C01A52AC22B16002955E1 /* App.swift in Sources */,
				032C01A72AC22B16002955E1 /* ContentView.swift in Sources */,
				03C8182A2AC7901D0084CC29 /* ClassificationController.swift in Sources */,
				03C8182C2AC790F40084CC29 /* CameraPreview.swift in Sources */,
				032C01B72AC329B6002955E1 /* CustomViews.swift in Sources */,
				032C01B92AC32ADF002955E1 /* CameraController.swift in Sources */,
			);
			runOnlyForDeploymentPostprocessing = 0;
		};
		032C01C72AC34632002955E1 /* Sources */ = {
			isa = PBXSourcesBuildPhase;
			buildActionMask = 2147483647;
			files = (
				03C818252AC75E580084CC29 /* MobileNetClassifier.swift in Sources */,
				032C01E82AC34B60002955E1 /* MobileNetClassifier.mm in Sources */,
				032C01E92AC34B63002955E1 /* Module.cpp in Sources */,
			);
			runOnlyForDeploymentPostprocessing = 0;
		};
		03C818062AC66FC30084CC29 /* Sources */ = {
			isa = PBXSourcesBuildPhase;
			buildActionMask = 2147483647;
			files = (
				03C818242AC6E3010084CC29 /* MobileNetClassifierTest.swift in Sources */,
			);
			runOnlyForDeploymentPostprocessing = 0;
		};
		03C818312AC79FCD0084CC29 /* Sources */ = {
			isa = PBXSourcesBuildPhase;
			buildActionMask = 2147483647;
			files = (
				03C818322AC79FCD0084CC29 /* ImageClassification.swift in Sources */,
			);
			runOnlyForDeploymentPostprocessing = 0;
		};
/* End PBXSourcesBuildPhase section */

/* Begin PBXTargetDependency section */
		032C01EB2AC34CA8002955E1 /* PBXTargetDependency */ = {
			isa = PBXTargetDependency;
			target = 032C01CA2AC34632002955E1 /* MobileNetClassifier */;
			targetProxy = 032C01EA2AC34CA8002955E1 /* PBXContainerItemProxy */;
		};
		03C818462AC7A0DB0084CC29 /* PBXTargetDependency */ = {
			isa = PBXTargetDependency;
			target = 03C818302AC79FCD0084CC29 /* ImageClassification */;
			targetProxy = 03C818452AC7A0DB0084CC29 /* PBXContainerItemProxy */;
		};
		03C8184D2AC801EA0084CC29 /* PBXTargetDependency */ = {
			isa = PBXTargetDependency;
			target = 032C016E2AC228E6002955E1 /* App */;
			targetProxy = 03C8184C2AC801EA0084CC29 /* PBXContainerItemProxy */;
		};
/* End PBXTargetDependency section */

/* Begin XCBuildConfiguration section */
		032C017B2AC228E7002955E1 /* Debug */ = {
			isa = XCBuildConfiguration;
			buildSettings = {
				ALWAYS_SEARCH_USER_PATHS = NO;
				ASSETCATALOG_COMPILER_GENERATE_SWIFT_ASSET_SYMBOL_EXTENSIONS = YES;
				CLANG_ANALYZER_NONNULL = YES;
				CLANG_ANALYZER_NUMBER_OBJECT_CONVERSION = YES_AGGRESSIVE;
				CLANG_CXX_LANGUAGE_STANDARD = "c++17";
				CLANG_ENABLE_MODULES = YES;
				CLANG_ENABLE_OBJC_ARC = YES;
				CLANG_ENABLE_OBJC_WEAK = YES;
				CLANG_WARN_BLOCK_CAPTURE_AUTORELEASING = YES;
				CLANG_WARN_BOOL_CONVERSION = YES;
				CLANG_WARN_COMMA = YES;
				CLANG_WARN_CONSTANT_CONVERSION = YES;
				CLANG_WARN_DEPRECATED_OBJC_IMPLEMENTATIONS = YES;
				CLANG_WARN_DIRECT_OBJC_ISA_USAGE = YES_ERROR;
				CLANG_WARN_DOCUMENTATION_COMMENTS = YES;
				CLANG_WARN_EMPTY_BODY = YES;
				CLANG_WARN_ENUM_CONVERSION = YES;
				CLANG_WARN_INFINITE_RECURSION = YES;
				CLANG_WARN_INT_CONVERSION = YES;
				CLANG_WARN_NON_LITERAL_NULL_CONVERSION = YES;
				CLANG_WARN_OBJC_IMPLICIT_RETAIN_SELF = YES;
				CLANG_WARN_OBJC_LITERAL_CONVERSION = YES;
				CLANG_WARN_OBJC_ROOT_CLASS = YES_ERROR;
				CLANG_WARN_QUOTED_INCLUDE_IN_FRAMEWORK_HEADER = YES;
				CLANG_WARN_RANGE_LOOP_ANALYSIS = YES;
				CLANG_WARN_STRICT_PROTOTYPES = YES;
				CLANG_WARN_SUSPICIOUS_MOVE = YES;
				CLANG_WARN_UNGUARDED_AVAILABILITY = YES_AGGRESSIVE;
				CLANG_WARN_UNREACHABLE_CODE = YES;
				CLANG_WARN__DUPLICATE_METHOD_MATCH = YES;
				COPY_PHASE_STRIP = NO;
				DEBUG_INFORMATION_FORMAT = dwarf;
				ENABLE_STRICT_OBJC_MSGSEND = YES;
				ENABLE_TESTABILITY = YES;
				ENABLE_USER_SCRIPT_SANDBOXING = YES;
				"EXCLUDED_ARCHS[sdk=iphonesimulator*]" = arm64;
				GCC_C_LANGUAGE_STANDARD = c17;
				GCC_DYNAMIC_NO_PIC = NO;
				GCC_NO_COMMON_BLOCKS = YES;
				GCC_OPTIMIZATION_LEVEL = 0;
				GCC_PREPROCESSOR_DEFINITIONS = (
					"DEBUG=1",
					"$(inherited)",
				);
				GCC_WARN_64_TO_32_BIT_CONVERSION = YES;
				GCC_WARN_ABOUT_RETURN_TYPE = YES_ERROR;
				GCC_WARN_UNDECLARED_SELECTOR = YES;
				GCC_WARN_UNINITIALIZED_AUTOS = YES_AGGRESSIVE;
				GCC_WARN_UNUSED_FUNCTION = YES;
				GCC_WARN_UNUSED_VARIABLE = YES;
				IPHONEOS_DEPLOYMENT_TARGET = 16.0;
				LOCALIZATION_PREFERS_STRING_CATALOGS = YES;
				MTL_ENABLE_DEBUG_INFO = INCLUDE_SOURCE;
				MTL_FAST_MATH = YES;
				ONLY_ACTIVE_ARCH = YES;
				SDKROOT = iphoneos;
				SWIFT_ACTIVE_COMPILATION_CONDITIONS = "DEBUG $(inherited)";
				SWIFT_OPTIMIZATION_LEVEL = "-Onone";
				SWIFT_VERSION = 5.0;
			};
			name = Debug;
		};
		032C017C2AC228E7002955E1 /* Release */ = {
			isa = XCBuildConfiguration;
			buildSettings = {
				ALWAYS_SEARCH_USER_PATHS = NO;
				ASSETCATALOG_COMPILER_GENERATE_SWIFT_ASSET_SYMBOL_EXTENSIONS = YES;
				CLANG_ANALYZER_NONNULL = YES;
				CLANG_ANALYZER_NUMBER_OBJECT_CONVERSION = YES_AGGRESSIVE;
				CLANG_CXX_LANGUAGE_STANDARD = "c++17";
				CLANG_ENABLE_MODULES = YES;
				CLANG_ENABLE_OBJC_ARC = YES;
				CLANG_ENABLE_OBJC_WEAK = YES;
				CLANG_WARN_BLOCK_CAPTURE_AUTORELEASING = YES;
				CLANG_WARN_BOOL_CONVERSION = YES;
				CLANG_WARN_COMMA = YES;
				CLANG_WARN_CONSTANT_CONVERSION = YES;
				CLANG_WARN_DEPRECATED_OBJC_IMPLEMENTATIONS = YES;
				CLANG_WARN_DIRECT_OBJC_ISA_USAGE = YES_ERROR;
				CLANG_WARN_DOCUMENTATION_COMMENTS = YES;
				CLANG_WARN_EMPTY_BODY = YES;
				CLANG_WARN_ENUM_CONVERSION = YES;
				CLANG_WARN_INFINITE_RECURSION = YES;
				CLANG_WARN_INT_CONVERSION = YES;
				CLANG_WARN_NON_LITERAL_NULL_CONVERSION = YES;
				CLANG_WARN_OBJC_IMPLICIT_RETAIN_SELF = YES;
				CLANG_WARN_OBJC_LITERAL_CONVERSION = YES;
				CLANG_WARN_OBJC_ROOT_CLASS = YES_ERROR;
				CLANG_WARN_QUOTED_INCLUDE_IN_FRAMEWORK_HEADER = YES;
				CLANG_WARN_RANGE_LOOP_ANALYSIS = YES;
				CLANG_WARN_STRICT_PROTOTYPES = YES;
				CLANG_WARN_SUSPICIOUS_MOVE = YES;
				CLANG_WARN_UNGUARDED_AVAILABILITY = YES_AGGRESSIVE;
				CLANG_WARN_UNREACHABLE_CODE = YES;
				CLANG_WARN__DUPLICATE_METHOD_MATCH = YES;
				COPY_PHASE_STRIP = NO;
				DEBUG_INFORMATION_FORMAT = "dwarf-with-dsym";
				ENABLE_NS_ASSERTIONS = NO;
				ENABLE_STRICT_OBJC_MSGSEND = YES;
				ENABLE_USER_SCRIPT_SANDBOXING = YES;
				"EXCLUDED_ARCHS[sdk=iphonesimulator*]" = arm64;
				GCC_C_LANGUAGE_STANDARD = c17;
				GCC_NO_COMMON_BLOCKS = YES;
				GCC_WARN_64_TO_32_BIT_CONVERSION = YES;
				GCC_WARN_ABOUT_RETURN_TYPE = YES_ERROR;
				GCC_WARN_UNDECLARED_SELECTOR = YES;
				GCC_WARN_UNINITIALIZED_AUTOS = YES_AGGRESSIVE;
				GCC_WARN_UNUSED_FUNCTION = YES;
				GCC_WARN_UNUSED_VARIABLE = YES;
				IPHONEOS_DEPLOYMENT_TARGET = 16.0;
				LOCALIZATION_PREFERS_STRING_CATALOGS = YES;
				MTL_ENABLE_DEBUG_INFO = NO;
				MTL_FAST_MATH = YES;
				SDKROOT = iphoneos;
				SWIFT_COMPILATION_MODE = wholemodule;
				SWIFT_VERSION = 5.0;
				VALIDATE_PRODUCT = YES;
			};
			name = Release;
		};
		032C017E2AC228E7002955E1 /* Debug */ = {
			isa = XCBuildConfiguration;
			buildSettings = {
				CODE_SIGN_IDENTITY = "Apple Development";
				"CODE_SIGN_IDENTITY[sdk=iphoneos*]" = "iPhone Developer";
				CODE_SIGN_STYLE = Manual;
				CURRENT_PROJECT_VERSION = 1;
				ENABLE_PREVIEWS = YES;
				GENERATE_INFOPLIST_FILE = YES;
				INFOPLIST_KEY_NSCameraUsageDescription = "";
				INFOPLIST_KEY_UIApplicationSceneManifest_Generation = YES;
				INFOPLIST_KEY_UIApplicationSupportsIndirectInputEvents = YES;
				INFOPLIST_KEY_UILaunchScreen_Generation = YES;
				INFOPLIST_KEY_UIRequiresFullScreen = YES;
				INFOPLIST_KEY_UISupportedInterfaceOrientations = UIInterfaceOrientationPortrait;
				LD_RUNPATH_SEARCH_PATHS = (
					"$(inherited)",
					"@executable_path/Frameworks",
				);
				LIBRARY_SEARCH_PATHS = (
					"$(PROJECT_DIR)/ExecuTorchDemo/Frameworks/coreml",
					"$(PROJECT_DIR)/ExecuTorchDemo/Frameworks/portable",
					"$(PROJECT_DIR)/ExecuTorchDemo/Frameworks/xnnpack",
				);
				MARKETING_VERSION = 1.0;
				OTHER_LDFLAGS = (
					"-lc++",
					"-all_load",
				);
				PRODUCT_BUNDLE_IDENTIFIER = org.pytorch.executorch.demo;
				PRODUCT_NAME = "$(PROJECT_NAME)";
				SUPPORTED_PLATFORMS = "iphoneos iphonesimulator";
				SUPPORTS_MACCATALYST = NO;
				SUPPORTS_MAC_DESIGNED_FOR_IPHONE_IPAD = NO;
				SWIFT_EMIT_LOC_STRINGS = YES;
				TARGETED_DEVICE_FAMILY = "1,2";
			};
			name = Debug;
		};
		032C017F2AC228E7002955E1 /* Release */ = {
			isa = XCBuildConfiguration;
			buildSettings = {
				CODE_SIGN_IDENTITY = "Apple Development";
				"CODE_SIGN_IDENTITY[sdk=iphoneos*]" = "iPhone Developer";
				CODE_SIGN_STYLE = Manual;
				CURRENT_PROJECT_VERSION = 1;
				ENABLE_PREVIEWS = YES;
				GENERATE_INFOPLIST_FILE = YES;
				INFOPLIST_KEY_NSCameraUsageDescription = "";
				INFOPLIST_KEY_UIApplicationSceneManifest_Generation = YES;
				INFOPLIST_KEY_UIApplicationSupportsIndirectInputEvents = YES;
				INFOPLIST_KEY_UILaunchScreen_Generation = YES;
				INFOPLIST_KEY_UIRequiresFullScreen = YES;
				INFOPLIST_KEY_UISupportedInterfaceOrientations = UIInterfaceOrientationPortrait;
				LD_RUNPATH_SEARCH_PATHS = (
					"$(inherited)",
					"@executable_path/Frameworks",
				);
				LIBRARY_SEARCH_PATHS = (
					"$(PROJECT_DIR)/ExecuTorchDemo/Frameworks/coreml",
					"$(PROJECT_DIR)/ExecuTorchDemo/Frameworks/portable",
					"$(PROJECT_DIR)/ExecuTorchDemo/Frameworks/xnnpack",
				);
				MARKETING_VERSION = 1.0;
				OTHER_LDFLAGS = (
					"-lc++",
					"-all_load",
				);
				PRODUCT_BUNDLE_IDENTIFIER = org.pytorch.executorch.demo;
				PRODUCT_NAME = "$(PROJECT_NAME)";
				SUPPORTED_PLATFORMS = "iphoneos iphonesimulator";
				SUPPORTS_MACCATALYST = NO;
				SUPPORTS_MAC_DESIGNED_FOR_IPHONE_IPAD = NO;
				SWIFT_EMIT_LOC_STRINGS = YES;
				TARGETED_DEVICE_FAMILY = "1,2";
			};
			name = Release;
		};
		032C01D22AC34632002955E1 /* Debug */ = {
			isa = XCBuildConfiguration;
			buildSettings = {
				CODE_SIGN_STYLE = Automatic;
				LIBRARY_SEARCH_PATHS = "$(PROJECT_DIR)/ExecuTorchDemo/Frameworks/executorch";
				PRODUCT_NAME = "$(TARGET_NAME)";
				SKIP_INSTALL = YES;
				SWIFT_OBJC_BRIDGING_HEADER = "ExecuTorchDemo/Sources/MobileNet/MobileNet-Bridging-Header.h";
				TARGETED_DEVICE_FAMILY = "1,2";
			};
			name = Debug;
		};
		032C01D32AC34632002955E1 /* Release */ = {
			isa = XCBuildConfiguration;
			buildSettings = {
				CODE_SIGN_STYLE = Automatic;
				LIBRARY_SEARCH_PATHS = "$(PROJECT_DIR)/ExecuTorchDemo/Frameworks/executorch";
				PRODUCT_NAME = "$(TARGET_NAME)";
				SKIP_INSTALL = YES;
				SWIFT_OBJC_BRIDGING_HEADER = "ExecuTorchDemo/Sources/MobileNet/MobileNet-Bridging-Header.h";
				TARGETED_DEVICE_FAMILY = "1,2";
			};
			name = Release;
		};
		03C818112AC66FC30084CC29 /* Debug */ = {
			isa = XCBuildConfiguration;
			buildSettings = {
				BUNDLE_LOADER = "$(TEST_HOST)";
				CLANG_ENABLE_MODULES = YES;
				CODE_SIGN_IDENTITY = "Apple Development";
				"CODE_SIGN_IDENTITY[sdk=iphoneos*]" = "iPhone Developer";
				CODE_SIGN_STYLE = Manual;
				CURRENT_PROJECT_VERSION = 1;
				GENERATE_INFOPLIST_FILE = YES;
				MARKETING_VERSION = 1.0;
				PRODUCT_BUNDLE_IDENTIFIER = org.pytorch.executorch.demo.test;
				PRODUCT_NAME = "$(TARGET_NAME)";
				SUPPORTED_PLATFORMS = "iphoneos iphonesimulator";
				SUPPORTS_MACCATALYST = NO;
				SUPPORTS_MAC_DESIGNED_FOR_IPHONE_IPAD = NO;
				SWIFT_OPTIMIZATION_LEVEL = "-Onone";
				SWIFT_VERSION = 5.0;
				TARGETED_DEVICE_FAMILY = "1,2";
				TEST_HOST = "$(BUILT_PRODUCTS_DIR)/ExecuTorchDemo.app/$(BUNDLE_EXECUTABLE_FOLDER_PATH)/ExecuTorchDemo";
			};
			name = Debug;
		};
		03C818122AC66FC30084CC29 /* Release */ = {
			isa = XCBuildConfiguration;
			buildSettings = {
				BUNDLE_LOADER = "$(TEST_HOST)";
				CLANG_ENABLE_MODULES = YES;
				CODE_SIGN_IDENTITY = "Apple Development";
				"CODE_SIGN_IDENTITY[sdk=iphoneos*]" = "iPhone Developer";
				CODE_SIGN_STYLE = Manual;
				CURRENT_PROJECT_VERSION = 1;
				GENERATE_INFOPLIST_FILE = YES;
				MARKETING_VERSION = 1.0;
				PRODUCT_BUNDLE_IDENTIFIER = org.pytorch.executorch.demo.test;
				PRODUCT_NAME = "$(TARGET_NAME)";
				SUPPORTED_PLATFORMS = "iphoneos iphonesimulator";
				SUPPORTS_MACCATALYST = NO;
				SUPPORTS_MAC_DESIGNED_FOR_IPHONE_IPAD = NO;
				SWIFT_VERSION = 5.0;
				TARGETED_DEVICE_FAMILY = "1,2";
				TEST_HOST = "$(BUILT_PRODUCTS_DIR)/ExecuTorchDemo.app/$(BUNDLE_EXECUTABLE_FOLDER_PATH)/ExecuTorchDemo";
			};
			name = Release;
		};
		03C818422AC79FCD0084CC29 /* Debug */ = {
			isa = XCBuildConfiguration;
			buildSettings = {
				CODE_SIGN_STYLE = Automatic;
				PRODUCT_NAME = "$(TARGET_NAME)";
				SKIP_INSTALL = YES;
				TARGETED_DEVICE_FAMILY = "1,2";
			};
			name = Debug;
		};
		03C818432AC79FCD0084CC29 /* Release */ = {
			isa = XCBuildConfiguration;
			buildSettings = {
				CODE_SIGN_STYLE = Automatic;
				PRODUCT_NAME = "$(TARGET_NAME)";
				SKIP_INSTALL = YES;
				TARGETED_DEVICE_FAMILY = "1,2";
			};
			name = Release;
		};
/* End XCBuildConfiguration section */

/* Begin XCConfigurationList section */
		032C016A2AC228E5002955E1 /* Build configuration list for PBXProject "ExecuTorchDemo" */ = {
			isa = XCConfigurationList;
			buildConfigurations = (
				032C017B2AC228E7002955E1 /* Debug */,
				032C017C2AC228E7002955E1 /* Release */,
			);
			defaultConfigurationIsVisible = 0;
			defaultConfigurationName = Release;
		};
		032C017D2AC228E7002955E1 /* Build configuration list for PBXNativeTarget "App" */ = {
			isa = XCConfigurationList;
			buildConfigurations = (
				032C017E2AC228E7002955E1 /* Debug */,
				032C017F2AC228E7002955E1 /* Release */,
			);
			defaultConfigurationIsVisible = 0;
			defaultConfigurationName = Release;
		};
		032C01D12AC34632002955E1 /* Build configuration list for PBXNativeTarget "MobileNetClassifier" */ = {
			isa = XCConfigurationList;
			buildConfigurations = (
				032C01D22AC34632002955E1 /* Debug */,
				032C01D32AC34632002955E1 /* Release */,
			);
			defaultConfigurationIsVisible = 0;
			defaultConfigurationName = Release;
		};
		03C818102AC66FC30084CC29 /* Build configuration list for PBXNativeTarget "MobileNetClassifierTest" */ = {
			isa = XCConfigurationList;
			buildConfigurations = (
				03C818112AC66FC30084CC29 /* Debug */,
				03C818122AC66FC30084CC29 /* Release */,
			);
			defaultConfigurationIsVisible = 0;
			defaultConfigurationName = Release;
		};
		03C818412AC79FCD0084CC29 /* Build configuration list for PBXNativeTarget "ImageClassification" */ = {
			isa = XCConfigurationList;
			buildConfigurations = (
				03C818422AC79FCD0084CC29 /* Debug */,
				03C818432AC79FCD0084CC29 /* Release */,
			);
			defaultConfigurationIsVisible = 0;
			defaultConfigurationName = Release;
		};
/* End XCConfigurationList section */
	};
	rootObject = 032C01672AC228E5002955E1 /* Project object */;
}
