// !$*UTF8*$!
{
	archiveVersion = 1;
	classes = {
	};
	objectVersion = 56;
	objects = {

/* Begin PBXBuildFile section */
		38626BB42B225A560059413D /* libflatccrt.a in Frameworks */ = {isa = PBXBuildFile; fileRef = 38626BB32B225A560059413D /* libflatccrt.a */; };
		38626BB52B225A890059413D /* libetdump.a in Frameworks */ = {isa = PBXBuildFile; fileRef = 38626BAF2B21C98F0059413D /* libetdump.a */; };
		C94D51592ACF4BFC00AF47FD /* main.mm in Sources */ = {isa = PBXBuildFile; fileRef = C94D51582ACF4BFC00AF47FD /* main.mm */; };
		C94D515E2ACFCBA000AF47FD /* libexecutorch.a in Frameworks */ = {isa = PBXBuildFile; fileRef = C94D515C2ACFCBA000AF47FD /* libexecutorch.a */; };
		C94D51622ACFCBBA00AF47FD /* libsqlite3.tbd in Frameworks */ = {isa = PBXBuildFile; fileRef = C94D51612ACFCBBA00AF47FD /* libsqlite3.tbd */; };
		C94D51642ACFCBC500AF47FD /* CoreML.framework in Frameworks */ = {isa = PBXBuildFile; fileRef = C94D51632ACFCBC500AF47FD /* CoreML.framework */; };
		C94D51662ACFCBCB00AF47FD /* Accelerate.framework in Frameworks */ = {isa = PBXBuildFile; fileRef = C94D51652ACFCBCB00AF47FD /* Accelerate.framework */; };
		C94D51682ACFCC7100AF47FD /* libcoremldelegate.a in Frameworks */ = {isa = PBXBuildFile; fileRef = C94D51672ACFCC7100AF47FD /* libcoremldelegate.a */; };
		C97BFFA42BC0C17300F55BAC /* libportable_kernels.a in Frameworks */ = {isa = PBXBuildFile; fileRef = C97BFFA32BC0C17300F55BAC /* libportable_kernels.a */; };
		C97BFFA62BC0C1F200F55BAC /* libportable_ops_lib.a in Frameworks */ = {isa = PBXBuildFile; fileRef = C97BFFA52BC0C1F200F55BAC /* libportable_ops_lib.a */; };
		C988D69D2B998CDE00979CF6 /* libprotobuf-lite.a in Frameworks */ = {isa = PBXBuildFile; fileRef = C988D69C2B998CD700979CF6 /* libprotobuf-lite.a */; };
		F24817E72BC65B2000E80D98 /* libexecutorch_no_prim_ops.a in Frameworks */ = {isa = PBXBuildFile; fileRef = F24817E62BC65B2000E80D98 /* libexecutorch_no_prim_ops.a */; };
/* End PBXBuildFile section */

/* Begin PBXCopyFilesBuildPhase section */
		C94D514C2ACF4B9300AF47FD /* CopyFiles */ = {
			isa = PBXCopyFilesBuildPhase;
			buildActionMask = 2147483647;
			dstPath = /usr/share/man/man1/;
			dstSubfolderSpec = 0;
			files = (
			);
			runOnlyForDeploymentPostprocessing = 1;
		};
/* End PBXCopyFilesBuildPhase section */

/* Begin PBXFileReference section */
		38626BAF2B21C98F0059413D /* libetdump.a */ = {isa = PBXFileReference; lastKnownFileType = archive.ar; name = libetdump.a; path = libraries/libetdump.a; sourceTree = "<group>"; };
		38626BB32B225A560059413D /* libflatccrt.a */ = {isa = PBXFileReference; lastKnownFileType = archive.ar; name = libflatccrt.a; path = "../../../../third-party/flatcc/lib/libflatccrt.a"; sourceTree = "<group>"; };
		C94D514E2ACF4B9300AF47FD /* coreml_executor_runner */ = {isa = PBXFileReference; explicitFileType = "compiled.mach-o.executable"; includeInIndex = 0; path = coreml_executor_runner; sourceTree = BUILT_PRODUCTS_DIR; };
		C94D51582ACF4BFC00AF47FD /* main.mm */ = {isa = PBXFileReference; fileEncoding = 4; lastKnownFileType = sourcecode.cpp.objcpp; path = main.mm; sourceTree = "<group>"; };
		C94D515C2ACFCBA000AF47FD /* libexecutorch.a */ = {isa = PBXFileReference; lastKnownFileType = archive.ar; name = libexecutorch.a; path = libraries/libexecutorch.a; sourceTree = "<group>"; };
		C94D51612ACFCBBA00AF47FD /* libsqlite3.tbd */ = {isa = PBXFileReference; lastKnownFileType = "sourcecode.text-based-dylib-definition"; name = libsqlite3.tbd; path = usr/lib/libsqlite3.tbd; sourceTree = SDKROOT; };
		C94D51632ACFCBC500AF47FD /* CoreML.framework */ = {isa = PBXFileReference; lastKnownFileType = wrapper.framework; name = CoreML.framework; path = System/Library/Frameworks/CoreML.framework; sourceTree = SDKROOT; };
		C94D51652ACFCBCB00AF47FD /* Accelerate.framework */ = {isa = PBXFileReference; lastKnownFileType = wrapper.framework; name = Accelerate.framework; path = System/Library/Frameworks/Accelerate.framework; sourceTree = SDKROOT; };
		C94D51672ACFCC7100AF47FD /* libcoremldelegate.a */ = {isa = PBXFileReference; lastKnownFileType = archive.ar; name = libcoremldelegate.a; path = libraries/libcoremldelegate.a; sourceTree = "<group>"; };
		C97BFFA32BC0C17300F55BAC /* libportable_kernels.a */ = {isa = PBXFileReference; lastKnownFileType = archive.ar; name = libportable_kernels.a; path = libraries/libportable_kernels.a; sourceTree = "<group>"; };
		C97BFFA52BC0C1F200F55BAC /* libportable_ops_lib.a */ = {isa = PBXFileReference; lastKnownFileType = archive.ar; name = libportable_ops_lib.a; path = libraries/libportable_ops_lib.a; sourceTree = "<group>"; };
		C988D69C2B998CD700979CF6 /* libprotobuf-lite.a */ = {isa = PBXFileReference; lastKnownFileType = archive.ar; name = "libprotobuf-lite.a"; path = "libraries/libprotobuf-lite.a"; sourceTree = "<group>"; };
		F24817E62BC65B2000E80D98 /* libexecutorch_no_prim_ops.a */ = {isa = PBXFileReference; lastKnownFileType = archive.ar; name = libexecutorch_no_prim_ops.a; path = libraries/libexecutorch_no_prim_ops.a; sourceTree = "<group>"; };
/* End PBXFileReference section */

/* Begin PBXFrameworksBuildPhase section */
		C94D514B2ACF4B9300AF47FD /* Frameworks */ = {
			isa = PBXFrameworksBuildPhase;
			buildActionMask = 2147483647;
			files = (
				38626BB52B225A890059413D /* libetdump.a in Frameworks */,
				F24817E72BC65B2000E80D98 /* libexecutorch_no_prim_ops.a in Frameworks */,
				38626BB42B225A560059413D /* libflatccrt.a in Frameworks */,
				C94D51682ACFCC7100AF47FD /* libcoremldelegate.a in Frameworks */,
				C94D51662ACFCBCB00AF47FD /* Accelerate.framework in Frameworks */,
				C988D69D2B998CDE00979CF6 /* libprotobuf-lite.a in Frameworks */,
				C97BFFA62BC0C1F200F55BAC /* libportable_ops_lib.a in Frameworks */,
				C94D51642ACFCBC500AF47FD /* CoreML.framework in Frameworks */,
				C97BFFA42BC0C17300F55BAC /* libportable_kernels.a in Frameworks */,
				C94D51622ACFCBBA00AF47FD /* libsqlite3.tbd in Frameworks */,
				C94D515E2ACFCBA000AF47FD /* libexecutorch.a in Frameworks */,
			);
			runOnlyForDeploymentPostprocessing = 0;
		};
/* End PBXFrameworksBuildPhase section */

/* Begin PBXGroup section */
		C94D51452ACF4B9300AF47FD = {
			isa = PBXGroup;
			children = (
				C94D51582ACF4BFC00AF47FD /* main.mm */,
				C94D514F2ACF4B9300AF47FD /* Products */,
				C94D51602ACFCBBA00AF47FD /* Frameworks */,
			);
			sourceTree = "<group>";
		};
		C94D514F2ACF4B9300AF47FD /* Products */ = {
			isa = PBXGroup;
			children = (
				C94D514E2ACF4B9300AF47FD /* coreml_executor_runner */,
			);
			name = Products;
			sourceTree = "<group>";
		};
		C94D51602ACFCBBA00AF47FD /* Frameworks */ = {
			isa = PBXGroup;
			children = (
				C988D69C2B998CD700979CF6 /* libprotobuf-lite.a */,
				38626BB32B225A560059413D /* libflatccrt.a */,
				38626BAF2B21C98F0059413D /* libetdump.a */,
				C94D51652ACFCBCB00AF47FD /* Accelerate.framework */,
				C94D51632ACFCBC500AF47FD /* CoreML.framework */,
				C94D515C2ACFCBA000AF47FD /* libexecutorch.a */,
				C94D51612ACFCBBA00AF47FD /* libsqlite3.tbd */,
				C94D51672ACFCC7100AF47FD /* libcoremldelegate.a */,
				F24817E62BC65B2000E80D98 /* libexecutorch_no_prim_ops.a */,
				C97BFFA32BC0C17300F55BAC /* libportable_kernels.a */,
				C97BFFA52BC0C1F200F55BAC /* libportable_ops_lib.a */,
			);
			name = Frameworks;
			sourceTree = "<group>";
		};
/* End PBXGroup section */

/* Begin PBXNativeTarget section */
		C94D514D2ACF4B9300AF47FD /* coreml_executor_runner */ = {
			isa = PBXNativeTarget;
			buildConfigurationList = C94D51552ACF4B9300AF47FD /* Build configuration list for PBXNativeTarget "coreml_executor_runner" */;
			buildPhases = (
				C94D514A2ACF4B9300AF47FD /* Sources */,
				C94D514B2ACF4B9300AF47FD /* Frameworks */,
				C94D514C2ACF4B9300AF47FD /* CopyFiles */,
			);
			buildRules = (
			);
			dependencies = (
			);
			name = coreml_executor_runner;
			productName = executorch_runner;
			productReference = C94D514E2ACF4B9300AF47FD /* coreml_executor_runner */;
			productType = "com.apple.product-type.tool";
		};
/* End PBXNativeTarget section */

/* Begin PBXProject section */
		C94D51462ACF4B9300AF47FD /* Project object */ = {
			isa = PBXProject;
			attributes = {
				BuildIndependentTargetsInParallel = 1;
				LastUpgradeCheck = 1500;
				TargetAttributes = {
					C94D514D2ACF4B9300AF47FD = {
						CreatedOnToolsVersion = 15.0;
					};
				};
			};
			buildConfigurationList = C94D51492ACF4B9300AF47FD /* Build configuration list for PBXProject "coreml_executor_runner" */;
			compatibilityVersion = "Xcode 14.0";
			developmentRegion = en;
			hasScannedForEncodings = 0;
			knownRegions = (
				en,
				Base,
			);
			mainGroup = C94D51452ACF4B9300AF47FD;
			productRefGroup = C94D514F2ACF4B9300AF47FD /* Products */;
			projectDirPath = "";
			projectRoot = "";
			targets = (
				C94D514D2ACF4B9300AF47FD /* coreml_executor_runner */,
			);
		};
/* End PBXProject section */

/* Begin PBXSourcesBuildPhase section */
		C94D514A2ACF4B9300AF47FD /* Sources */ = {
			isa = PBXSourcesBuildPhase;
			buildActionMask = 2147483647;
			files = (
				C94D51592ACF4BFC00AF47FD /* main.mm in Sources */,
			);
			runOnlyForDeploymentPostprocessing = 0;
		};
/* End PBXSourcesBuildPhase section */

/* Begin XCBuildConfiguration section */
		C94D51532ACF4B9300AF47FD /* Debug */ = {
			isa = XCBuildConfiguration;
			buildSettings = {
				ALWAYS_SEARCH_USER_PATHS = NO;
				ASSETCATALOG_COMPILER_GENERATE_SWIFT_ASSET_SYMBOL_EXTENSIONS = YES;
				CLANG_ANALYZER_NONNULL = YES;
				CLANG_ANALYZER_NUMBER_OBJECT_CONVERSION = YES_AGGRESSIVE;
				CLANG_CXX_LANGUAGE_STANDARD = "gnu++20";
				CLANG_ENABLE_MODULES = YES;
				CLANG_ENABLE_OBJC_ARC = YES;
				CLANG_ENABLE_OBJC_WEAK = YES;
				CLANG_WARN_BLOCK_CAPTURE_AUTORELEASING = YES;
				CLANG_WARN_BOOL_CONVERSION = YES;
				CLANG_WARN_COMMA = YES;
				CLANG_WARN_CONSTANT_CONVERSION = YES;
				CLANG_WARN_DEPRECATED_OBJC_IMPLEMENTATIONS = YES;
				CLANG_WARN_DIRECT_OBJC_ISA_USAGE = YES_ERROR;
				CLANG_WARN_DOCUMENTATION_COMMENTS = YES;
				CLANG_WARN_EMPTY_BODY = YES;
				CLANG_WARN_ENUM_CONVERSION = YES;
				CLANG_WARN_INFINITE_RECURSION = YES;
				CLANG_WARN_INT_CONVERSION = YES;
				CLANG_WARN_NON_LITERAL_NULL_CONVERSION = YES;
				CLANG_WARN_OBJC_IMPLICIT_RETAIN_SELF = YES;
				CLANG_WARN_OBJC_LITERAL_CONVERSION = YES;
				CLANG_WARN_OBJC_ROOT_CLASS = YES_ERROR;
				CLANG_WARN_QUOTED_INCLUDE_IN_FRAMEWORK_HEADER = YES;
				CLANG_WARN_RANGE_LOOP_ANALYSIS = YES;
				CLANG_WARN_STRICT_PROTOTYPES = YES;
				CLANG_WARN_SUSPICIOUS_MOVE = YES;
				CLANG_WARN_UNGUARDED_AVAILABILITY = YES_AGGRESSIVE;
				CLANG_WARN_UNREACHABLE_CODE = YES;
				CLANG_WARN__DUPLICATE_METHOD_MATCH = YES;
				COPY_PHASE_STRIP = NO;
				DEBUG_INFORMATION_FORMAT = dwarf;
				ENABLE_STRICT_OBJC_MSGSEND = YES;
				ENABLE_TESTABILITY = YES;
				ENABLE_USER_SCRIPT_SANDBOXING = YES;
				GCC_C_LANGUAGE_STANDARD = gnu17;
				GCC_DYNAMIC_NO_PIC = NO;
				GCC_NO_COMMON_BLOCKS = YES;
				GCC_OPTIMIZATION_LEVEL = 0;
				GCC_PREPROCESSOR_DEFINITIONS = (
					"DEBUG=1",
					"$(inherited)",
				);
				GCC_WARN_64_TO_32_BIT_CONVERSION = YES;
				GCC_WARN_ABOUT_RETURN_TYPE = YES_ERROR;
				GCC_WARN_UNDECLARED_SELECTOR = YES;
				GCC_WARN_UNINITIALIZED_AUTOS = YES_AGGRESSIVE;
				GCC_WARN_UNUSED_FUNCTION = YES;
				GCC_WARN_UNUSED_VARIABLE = YES;
				LOCALIZATION_PREFERS_STRING_CATALOGS = YES;
				MACOSX_DEPLOYMENT_TARGET = 14.0;
				MTL_ENABLE_DEBUG_INFO = INCLUDE_SOURCE;
				MTL_FAST_MATH = YES;
				ONLY_ACTIVE_ARCH = YES;
				SDKROOT = macosx;
			};
			name = Debug;
		};
		C94D51542ACF4B9300AF47FD /* Release */ = {
			isa = XCBuildConfiguration;
			buildSettings = {
				ALWAYS_SEARCH_USER_PATHS = NO;
				ASSETCATALOG_COMPILER_GENERATE_SWIFT_ASSET_SYMBOL_EXTENSIONS = YES;
				CLANG_ANALYZER_NONNULL = YES;
				CLANG_ANALYZER_NUMBER_OBJECT_CONVERSION = YES_AGGRESSIVE;
				CLANG_CXX_LANGUAGE_STANDARD = "gnu++20";
				CLANG_ENABLE_MODULES = YES;
				CLANG_ENABLE_OBJC_ARC = YES;
				CLANG_ENABLE_OBJC_WEAK = YES;
				CLANG_WARN_BLOCK_CAPTURE_AUTORELEASING = YES;
				CLANG_WARN_BOOL_CONVERSION = YES;
				CLANG_WARN_COMMA = YES;
				CLANG_WARN_CONSTANT_CONVERSION = YES;
				CLANG_WARN_DEPRECATED_OBJC_IMPLEMENTATIONS = YES;
				CLANG_WARN_DIRECT_OBJC_ISA_USAGE = YES_ERROR;
				CLANG_WARN_DOCUMENTATION_COMMENTS = YES;
				CLANG_WARN_EMPTY_BODY = YES;
				CLANG_WARN_ENUM_CONVERSION = YES;
				CLANG_WARN_INFINITE_RECURSION = YES;
				CLANG_WARN_INT_CONVERSION = YES;
				CLANG_WARN_NON_LITERAL_NULL_CONVERSION = YES;
				CLANG_WARN_OBJC_IMPLICIT_RETAIN_SELF = YES;
				CLANG_WARN_OBJC_LITERAL_CONVERSION = YES;
				CLANG_WARN_OBJC_ROOT_CLASS = YES_ERROR;
				CLANG_WARN_QUOTED_INCLUDE_IN_FRAMEWORK_HEADER = YES;
				CLANG_WARN_RANGE_LOOP_ANALYSIS = YES;
				CLANG_WARN_STRICT_PROTOTYPES = YES;
				CLANG_WARN_SUSPICIOUS_MOVE = YES;
				CLANG_WARN_UNGUARDED_AVAILABILITY = YES_AGGRESSIVE;
				CLANG_WARN_UNREACHABLE_CODE = YES;
				CLANG_WARN__DUPLICATE_METHOD_MATCH = YES;
				COPY_PHASE_STRIP = NO;
				DEBUG_INFORMATION_FORMAT = "dwarf-with-dsym";
				ENABLE_NS_ASSERTIONS = NO;
				ENABLE_STRICT_OBJC_MSGSEND = YES;
				ENABLE_USER_SCRIPT_SANDBOXING = YES;
				GCC_C_LANGUAGE_STANDARD = gnu17;
				GCC_NO_COMMON_BLOCKS = YES;
				GCC_WARN_64_TO_32_BIT_CONVERSION = YES;
				GCC_WARN_ABOUT_RETURN_TYPE = YES_ERROR;
				GCC_WARN_UNDECLARED_SELECTOR = YES;
				GCC_WARN_UNINITIALIZED_AUTOS = YES_AGGRESSIVE;
				GCC_WARN_UNUSED_FUNCTION = YES;
				GCC_WARN_UNUSED_VARIABLE = YES;
				LOCALIZATION_PREFERS_STRING_CATALOGS = YES;
				MACOSX_DEPLOYMENT_TARGET = 14.0;
				MTL_ENABLE_DEBUG_INFO = NO;
				MTL_FAST_MATH = YES;
				SDKROOT = macosx;
			};
			name = Release;
		};
		C94D51562ACF4B9300AF47FD /* Debug */ = {
			isa = XCBuildConfiguration;
			buildSettings = {
				CODE_SIGN_STYLE = Automatic;
				DEVELOPMENT_TEAM = "";
				ENABLE_HARDENED_RUNTIME = YES;
				HEADER_SEARCH_PATHS = "$(SRCROOT)/include";
				IPHONEOS_DEPLOYMENT_TARGET = 16.0;
				LIBRARY_SEARCH_PATHS = (
					"$(SRCROOT)/libraries",
					"$(PROJECT_DIR)/libraries",
				);
				MACOSX_DEPLOYMENT_TARGET = 13.0;
				OTHER_LDFLAGS = "-all_load";
				PRODUCT_BUNDLE_IDENTIFIER = apple.executorchcoreml.com;
				PRODUCT_NAME = "$(TARGET_NAME)";
			};
			name = Debug;
		};
		C94D51572ACF4B9300AF47FD /* Release */ = {
			isa = XCBuildConfiguration;
			buildSettings = {
				CODE_SIGN_STYLE = Automatic;
				DEVELOPMENT_TEAM = "";
				ENABLE_HARDENED_RUNTIME = YES;
				HEADER_SEARCH_PATHS = "$(SRCROOT)/include";
				IPHONEOS_DEPLOYMENT_TARGET = 16.0;
				LIBRARY_SEARCH_PATHS = (
					"$(SRCROOT)/libraries",
					"$(PROJECT_DIR)/libraries",
				);
				MACOSX_DEPLOYMENT_TARGET = 13.0;
				OTHER_LDFLAGS = "-all_load";
				PRODUCT_BUNDLE_IDENTIFIER = apple.executorchcoreml.com;
				PRODUCT_NAME = "$(TARGET_NAME)";
			};
			name = Release;
		};
/* End XCBuildConfiguration section */

/* Begin XCConfigurationList section */
		C94D51492ACF4B9300AF47FD /* Build configuration list for PBXProject "coreml_executor_runner" */ = {
			isa = XCConfigurationList;
			buildConfigurations = (
				C94D51532ACF4B9300AF47FD /* Debug */,
				C94D51542ACF4B9300AF47FD /* Release */,
			);
			defaultConfigurationIsVisible = 0;
			defaultConfigurationName = Release;
		};
		C94D51552ACF4B9300AF47FD /* Build configuration list for PBXNativeTarget "coreml_executor_runner" */ = {
			isa = XCConfigurationList;
			buildConfigurations = (
				C94D51562ACF4B9300AF47FD /* Debug */,
				C94D51572ACF4B9300AF47FD /* Release */,
			);
			defaultConfigurationIsVisible = 0;
			defaultConfigurationName = Release;
		};
/* End XCConfigurationList section */
	};
	rootObject = C94D51462ACF4B9300AF47FD /* Project object */;
}
